// !$*UTF8*$!
{
	archiveVersion = 1;
	classes = {
	};
	objectVersion = 56;
	objects = {

/* Begin PBXBuildFile section */
		8C28AD6A2941953900E623E5 /* main.swift in Sources */ = {isa = PBXBuildFile; fileRef = 8C28AD692941953900E623E5 /* main.swift */; };
		8C28AD702941956300E623E5 /* Day08.swift in Sources */ = {isa = PBXBuildFile; fileRef = 8C28AD6F2941956300E623E5 /* Day08.swift */; };
		8C28AD712941956B00E623E5 /* String+Advent.swift in Sources */ = {isa = PBXBuildFile; fileRef = 8CC483B829386EDE00003294 /* String+Advent.swift */; };
		8C28AD722941956B00E623E5 /* Puzzle.swift in Sources */ = {isa = PBXBuildFile; fileRef = 8CC483B0293865F300003294 /* Puzzle.swift */; };
		8C28AD732941956B00E623E5 /* String+Subscripts.swift in Sources */ = {isa = PBXBuildFile; fileRef = 8CC483B929386EDE00003294 /* String+Subscripts.swift */; };
		8C28AD742941956B00E623E5 /* FileInput.swift in Sources */ = {isa = PBXBuildFile; fileRef = 8CC4839129385AA300003294 /* FileInput.swift */; };
		8C28AD75294195AC00E623E5 /* input.txt in CopyFiles */ = {isa = PBXBuildFile; fileRef = 8C28AD6E2941956300E623E5 /* input.txt */; };
		8C28AD7F2942E25500E623E5 /* main.swift in Sources */ = {isa = PBXBuildFile; fileRef = 8C28AD7E2942E25500E623E5 /* main.swift */; };
		8C28AD852942E2B200E623E5 /* Day09.swift in Sources */ = {isa = PBXBuildFile; fileRef = 8C28AD842942E2B200E623E5 /* Day09.swift */; };
		8C28AD862942E2BB00E623E5 /* input.txt in CopyFiles */ = {isa = PBXBuildFile; fileRef = 8C28AD832942E2B200E623E5 /* input.txt */; };
		8C28AD872942E31D00E623E5 /* FileInput.swift in Sources */ = {isa = PBXBuildFile; fileRef = 8CC4839129385AA300003294 /* FileInput.swift */; };
		8C28AD882942E31D00E623E5 /* Puzzle.swift in Sources */ = {isa = PBXBuildFile; fileRef = 8CC483B0293865F300003294 /* Puzzle.swift */; };
		8C28AD892942E31D00E623E5 /* String+Advent.swift in Sources */ = {isa = PBXBuildFile; fileRef = 8CC483B829386EDE00003294 /* String+Advent.swift */; };
		8C28AD8A2942E31D00E623E5 /* String+Subscripts.swift in Sources */ = {isa = PBXBuildFile; fileRef = 8CC483B929386EDE00003294 /* String+Subscripts.swift */; };
		8C28AD9229438D4300E623E5 /* main.swift in Sources */ = {isa = PBXBuildFile; fileRef = 8C28AD9129438D4300E623E5 /* main.swift */; };
		8C28AD9829438D6C00E623E5 /* Day10.swift in Sources */ = {isa = PBXBuildFile; fileRef = 8C28AD9629438D6C00E623E5 /* Day10.swift */; };
		8C28AD9929438D7300E623E5 /* String+Advent.swift in Sources */ = {isa = PBXBuildFile; fileRef = 8CC483B829386EDE00003294 /* String+Advent.swift */; };
		8C28AD9A29438D7300E623E5 /* Puzzle.swift in Sources */ = {isa = PBXBuildFile; fileRef = 8CC483B0293865F300003294 /* Puzzle.swift */; };
		8C28AD9B29438D7300E623E5 /* FileInput.swift in Sources */ = {isa = PBXBuildFile; fileRef = 8CC4839129385AA300003294 /* FileInput.swift */; };
		8C28AD9C29438D7300E623E5 /* String+Subscripts.swift in Sources */ = {isa = PBXBuildFile; fileRef = 8CC483B929386EDE00003294 /* String+Subscripts.swift */; };
		8C28AD9D29438DAE00E623E5 /* input.txt in CopyFiles */ = {isa = PBXBuildFile; fileRef = 8C28AD9729438D6C00E623E5 /* input.txt */; };
		8C28ADA52943ED0B00E623E5 /* AdventUnitTests.swift in Sources */ = {isa = PBXBuildFile; fileRef = 8C28ADA42943ED0B00E623E5 /* AdventUnitTests.swift */; };
		8C28ADA92943EDAE00E623E5 /* Day01.swift in Sources */ = {isa = PBXBuildFile; fileRef = 8CC4839329385AD100003294 /* Day01.swift */; };
		8C28ADAA2943EDD700E623E5 /* FileInput.swift in Sources */ = {isa = PBXBuildFile; fileRef = 8CC4839129385AA300003294 /* FileInput.swift */; };
		8C28ADAB2943EDD700E623E5 /* GridLocation.swift in Sources */ = {isa = PBXBuildFile; fileRef = 8C28AD762941B54100E623E5 /* GridLocation.swift */; };
		8C28ADAC2943EDD700E623E5 /* Puzzle.swift in Sources */ = {isa = PBXBuildFile; fileRef = 8CC483B0293865F300003294 /* Puzzle.swift */; };
		8C28ADAD2943EDD700E623E5 /* String+Advent.swift in Sources */ = {isa = PBXBuildFile; fileRef = 8CC483B829386EDE00003294 /* String+Advent.swift */; };
		8C28ADAE2943EDD700E623E5 /* String+Subscripts.swift in Sources */ = {isa = PBXBuildFile; fileRef = 8CC483B929386EDE00003294 /* String+Subscripts.swift */; };
		8C28ADB02943F04300E623E5 /* Day02.swift in Sources */ = {isa = PBXBuildFile; fileRef = 8CC483B52938681200003294 /* Day02.swift */; };
		8C28ADB12943F04300E623E5 /* Day02Alternative.swift in Sources */ = {isa = PBXBuildFile; fileRef = 8CC483BF293A640D00003294 /* Day02Alternative.swift */; };
		8C28ADB92943F12000E623E5 /* Day05.swift in Sources */ = {isa = PBXBuildFile; fileRef = 8CC483F2293E24C800003294 /* Day05.swift */; };
		8C28ADBA2943F12000E623E5 /* Day10.swift in Sources */ = {isa = PBXBuildFile; fileRef = 8C28AD9629438D6C00E623E5 /* Day10.swift */; };
		8C28ADBB2943F12000E623E5 /* Day06.swift in Sources */ = {isa = PBXBuildFile; fileRef = 8CC48406293E576A00003294 /* Day06.swift */; };
		8C28ADBC2943F12000E623E5 /* Day07.swift in Sources */ = {isa = PBXBuildFile; fileRef = 8CA01546293F0F860085A2E1 /* Day07.swift */; };
		8C28ADBD2943F12000E623E5 /* Day09.swift in Sources */ = {isa = PBXBuildFile; fileRef = 8C28AD842942E2B200E623E5 /* Day09.swift */; };
		8C28ADBE2943F12000E623E5 /* Day03.swift in Sources */ = {isa = PBXBuildFile; fileRef = 8CC483CD293A667900003294 /* Day03.swift */; };
		8C28ADBF2943F12000E623E5 /* Day04.swift in Sources */ = {isa = PBXBuildFile; fileRef = 8CC483E0293B231700003294 /* Day04.swift */; };
		8C28ADC02943F12000E623E5 /* Day08.swift in Sources */ = {isa = PBXBuildFile; fileRef = 8C28AD6F2941956300E623E5 /* Day08.swift */; };
		8C28ADC8294538A900E623E5 /* main.swift in Sources */ = {isa = PBXBuildFile; fileRef = 8C28ADC7294538A900E623E5 /* main.swift */; };
		8C28ADCE294538D800E623E5 /* Day11.swift in Sources */ = {isa = PBXBuildFile; fileRef = 8C28ADCC294538D800E623E5 /* Day11.swift */; };
		8C28ADCF294538E000E623E5 /* Day11.swift in Sources */ = {isa = PBXBuildFile; fileRef = 8C28ADCC294538D800E623E5 /* Day11.swift */; };
		8C28ADD0294538EE00E623E5 /* String+Subscripts.swift in Sources */ = {isa = PBXBuildFile; fileRef = 8CC483B929386EDE00003294 /* String+Subscripts.swift */; };
		8C28ADD1294538EE00E623E5 /* FileInput.swift in Sources */ = {isa = PBXBuildFile; fileRef = 8CC4839129385AA300003294 /* FileInput.swift */; };
		8C28ADD2294538EE00E623E5 /* Puzzle.swift in Sources */ = {isa = PBXBuildFile; fileRef = 8CC483B0293865F300003294 /* Puzzle.swift */; };
		8C28ADD3294538EE00E623E5 /* String+Advent.swift in Sources */ = {isa = PBXBuildFile; fileRef = 8CC483B829386EDE00003294 /* String+Advent.swift */; };
		8C28ADD42945393400E623E5 /* input.txt in CopyFiles */ = {isa = PBXBuildFile; fileRef = 8C28ADCD294538D800E623E5 /* input.txt */; };
		8C28ADDC294665FA00E623E5 /* main.swift in Sources */ = {isa = PBXBuildFile; fileRef = 8C28ADDB294665FA00E623E5 /* main.swift */; };
		8C28ADE22946662B00E623E5 /* Day12.swift in Sources */ = {isa = PBXBuildFile; fileRef = 8C28ADE12946662B00E623E5 /* Day12.swift */; };
		8C28ADE32946663900E623E5 /* Day12.swift in Sources */ = {isa = PBXBuildFile; fileRef = 8C28ADE12946662B00E623E5 /* Day12.swift */; };
		8C28ADE42946665900E623E5 /* Puzzle.swift in Sources */ = {isa = PBXBuildFile; fileRef = 8CC483B0293865F300003294 /* Puzzle.swift */; };
		8C28ADE52946665900E623E5 /* String+Advent.swift in Sources */ = {isa = PBXBuildFile; fileRef = 8CC483B829386EDE00003294 /* String+Advent.swift */; };
		8C28ADE62946665900E623E5 /* String+Subscripts.swift in Sources */ = {isa = PBXBuildFile; fileRef = 8CC483B929386EDE00003294 /* String+Subscripts.swift */; };
		8C28ADE72946665900E623E5 /* FileInput.swift in Sources */ = {isa = PBXBuildFile; fileRef = 8CC4839129385AA300003294 /* FileInput.swift */; };
		8C28ADE82946672600E623E5 /* input.txt in CopyFiles */ = {isa = PBXBuildFile; fileRef = 8C28ADE02946662B00E623E5 /* input.txt */; };
		8C28ADEA294765CE00E623E5 /* TreeNode.swift in Sources */ = {isa = PBXBuildFile; fileRef = 8C28ADE9294765CE00E623E5 /* TreeNode.swift */; };
		8C28ADEB294765CE00E623E5 /* TreeNode.swift in Sources */ = {isa = PBXBuildFile; fileRef = 8C28ADE9294765CE00E623E5 /* TreeNode.swift */; };
		8C28ADEC294765E900E623E5 /* GridLocation.swift in Sources */ = {isa = PBXBuildFile; fileRef = 8C28AD762941B54100E623E5 /* GridLocation.swift */; };
		8C28ADF72948B0B300E623E5 /* main.swift in Sources */ = {isa = PBXBuildFile; fileRef = 8C28ADF62948B0B300E623E5 /* main.swift */; };
		8C28ADFD2948B0D800E623E5 /* Day13.swift in Sources */ = {isa = PBXBuildFile; fileRef = 8C28ADFB2948B0D800E623E5 /* Day13.swift */; };
		8C28ADFE2948B0DD00E623E5 /* Day13.swift in Sources */ = {isa = PBXBuildFile; fileRef = 8C28ADFB2948B0D800E623E5 /* Day13.swift */; };
		8C28ADFF2948B0E600E623E5 /* FileInput.swift in Sources */ = {isa = PBXBuildFile; fileRef = 8CC4839129385AA300003294 /* FileInput.swift */; };
		8C28AE002948B0E600E623E5 /* String+Advent.swift in Sources */ = {isa = PBXBuildFile; fileRef = 8CC483B829386EDE00003294 /* String+Advent.swift */; };
		8C28AE012948B0E600E623E5 /* String+Subscripts.swift in Sources */ = {isa = PBXBuildFile; fileRef = 8CC483B929386EDE00003294 /* String+Subscripts.swift */; };
		8C28AE022948B0E600E623E5 /* Puzzle.swift in Sources */ = {isa = PBXBuildFile; fileRef = 8CC483B0293865F300003294 /* Puzzle.swift */; };
		8C28AE032948B12100E623E5 /* input.txt in CopyFiles */ = {isa = PBXBuildFile; fileRef = 8C28ADFC2948B0D800E623E5 /* input.txt */; };
		8C28AE0B29498F7300E623E5 /* main.swift in Sources */ = {isa = PBXBuildFile; fileRef = 8C28AE0A29498F7300E623E5 /* main.swift */; };
		8C28AE1129498F9900E623E5 /* Day14.swift in Sources */ = {isa = PBXBuildFile; fileRef = 8C28AE0F29498F9900E623E5 /* Day14.swift */; };
		8C28AE1329498FF700E623E5 /* input.txt in CopyFiles */ = {isa = PBXBuildFile; fileRef = 8C28AE1029498F9900E623E5 /* input.txt */; };
		8C28AE142949900900E623E5 /* String+Advent.swift in Sources */ = {isa = PBXBuildFile; fileRef = 8CC483B829386EDE00003294 /* String+Advent.swift */; };
		8C28AE152949900900E623E5 /* Puzzle.swift in Sources */ = {isa = PBXBuildFile; fileRef = 8CC483B0293865F300003294 /* Puzzle.swift */; };
		8C28AE162949900900E623E5 /* FileInput.swift in Sources */ = {isa = PBXBuildFile; fileRef = 8CC4839129385AA300003294 /* FileInput.swift */; };
		8C28AE172949900900E623E5 /* String+Subscripts.swift in Sources */ = {isa = PBXBuildFile; fileRef = 8CC483B929386EDE00003294 /* String+Subscripts.swift */; };
		8C28AE182949904D00E623E5 /* Day14.swift in Sources */ = {isa = PBXBuildFile; fileRef = 8C28AE0F29498F9900E623E5 /* Day14.swift */; };
		8C28AE1B2949A85800E623E5 /* Queue.swift in Sources */ = {isa = PBXBuildFile; fileRef = 8C28AE192949A83E00E623E5 /* Queue.swift */; };
		8C28AE1C2949A85B00E623E5 /* Queue.swift in Sources */ = {isa = PBXBuildFile; fileRef = 8C28AE192949A83E00E623E5 /* Queue.swift */; };
		8C28AE1E2949B44F00E623E5 /* Pathfinding.swift in Sources */ = {isa = PBXBuildFile; fileRef = 8C28AE1D2949B44F00E623E5 /* Pathfinding.swift */; };
		8C28AE1F2949B44F00E623E5 /* Pathfinding.swift in Sources */ = {isa = PBXBuildFile; fileRef = 8C28AE1D2949B44F00E623E5 /* Pathfinding.swift */; };
		8C28AE27294AA29100E623E5 /* main.swift in Sources */ = {isa = PBXBuildFile; fileRef = 8C28AE26294AA29100E623E5 /* main.swift */; };
		8C28AE2D294AA2CC00E623E5 /* Day15.swift in Sources */ = {isa = PBXBuildFile; fileRef = 8C28AE2B294AA2CC00E623E5 /* Day15.swift */; };
		8C28AE2E294AA2E200E623E5 /* input.txt in CopyFiles */ = {isa = PBXBuildFile; fileRef = 8C28AE2C294AA2CC00E623E5 /* input.txt */; };
		8C28AE2F294AA2F000E623E5 /* FileInput.swift in Sources */ = {isa = PBXBuildFile; fileRef = 8CC4839129385AA300003294 /* FileInput.swift */; };
		8C28AE30294AA2F000E623E5 /* Puzzle.swift in Sources */ = {isa = PBXBuildFile; fileRef = 8CC483B0293865F300003294 /* Puzzle.swift */; };
		8C28AE31294AA2F000E623E5 /* String+Advent.swift in Sources */ = {isa = PBXBuildFile; fileRef = 8CC483B829386EDE00003294 /* String+Advent.swift */; };
		8C28AE32294AA2F000E623E5 /* String+Subscripts.swift in Sources */ = {isa = PBXBuildFile; fileRef = 8CC483B929386EDE00003294 /* String+Subscripts.swift */; };
		8C28AE33294AA34E00E623E5 /* Day15.swift in Sources */ = {isa = PBXBuildFile; fileRef = 8C28AE2B294AA2CC00E623E5 /* Day15.swift */; };
		8C28AE35294CCE4500E623E5 /* Ranges.swift in Sources */ = {isa = PBXBuildFile; fileRef = 8C28AE34294CCE4500E623E5 /* Ranges.swift */; };
		8C28AE36294CD59B00E623E5 /* Ranges.swift in Sources */ = {isa = PBXBuildFile; fileRef = 8C28AE34294CCE4500E623E5 /* Ranges.swift */; };
		8CA01542293F0F4F0085A2E1 /* main.swift in Sources */ = {isa = PBXBuildFile; fileRef = 8CA01541293F0F4F0085A2E1 /* main.swift */; };
		8CA01548293F0F860085A2E1 /* Day07.swift in Sources */ = {isa = PBXBuildFile; fileRef = 8CA01546293F0F860085A2E1 /* Day07.swift */; };
		8CA01549293F0F8D0085A2E1 /* String+Subscripts.swift in Sources */ = {isa = PBXBuildFile; fileRef = 8CC483B929386EDE00003294 /* String+Subscripts.swift */; };
		8CA0154A293F0F8D0085A2E1 /* FileInput.swift in Sources */ = {isa = PBXBuildFile; fileRef = 8CC4839129385AA300003294 /* FileInput.swift */; };
		8CA0154B293F0F8D0085A2E1 /* Puzzle.swift in Sources */ = {isa = PBXBuildFile; fileRef = 8CC483B0293865F300003294 /* Puzzle.swift */; };
		8CA0154C293F0F8D0085A2E1 /* String+Advent.swift in Sources */ = {isa = PBXBuildFile; fileRef = 8CC483B829386EDE00003294 /* String+Advent.swift */; };
		8CA0154D293F0FF80085A2E1 /* input.txt in CopyFiles */ = {isa = PBXBuildFile; fileRef = 8CA01547293F0F860085A2E1 /* input.txt */; };
		8CC4839E29385C0C00003294 /* main.swift in Sources */ = {isa = PBXBuildFile; fileRef = 8CC4839D29385C0C00003294 /* main.swift */; };
		8CC483A929385C7000003294 /* main.swift in Sources */ = {isa = PBXBuildFile; fileRef = 8CC483A829385C7000003294 /* main.swift */; };
		8CC483AD29385CAB00003294 /* Day01.swift in Sources */ = {isa = PBXBuildFile; fileRef = 8CC4839329385AD100003294 /* Day01.swift */; };
		8CC483AE29385D0C00003294 /* FileInput.swift in Sources */ = {isa = PBXBuildFile; fileRef = 8CC4839129385AA300003294 /* FileInput.swift */; };
		8CC483AF29385D0C00003294 /* FileInput.swift in Sources */ = {isa = PBXBuildFile; fileRef = 8CC4839129385AA300003294 /* FileInput.swift */; };
		8CC483B1293865F300003294 /* Puzzle.swift in Sources */ = {isa = PBXBuildFile; fileRef = 8CC483B0293865F300003294 /* Puzzle.swift */; };
		8CC483B2293865F300003294 /* Puzzle.swift in Sources */ = {isa = PBXBuildFile; fileRef = 8CC483B0293865F300003294 /* Puzzle.swift */; };
		8CC483B32938665A00003294 /* input.txt in CopyFiles */ = {isa = PBXBuildFile; fileRef = 8CC4839429385AD100003294 /* input.txt */; };
		8CC483B62938681200003294 /* Day02.swift in Sources */ = {isa = PBXBuildFile; fileRef = 8CC483B52938681200003294 /* Day02.swift */; };
		8CC483BA29386EDE00003294 /* String+Advent.swift in Sources */ = {isa = PBXBuildFile; fileRef = 8CC483B829386EDE00003294 /* String+Advent.swift */; };
		8CC483BB29386EDE00003294 /* String+Advent.swift in Sources */ = {isa = PBXBuildFile; fileRef = 8CC483B829386EDE00003294 /* String+Advent.swift */; };
		8CC483BC29386EDE00003294 /* String+Subscripts.swift in Sources */ = {isa = PBXBuildFile; fileRef = 8CC483B929386EDE00003294 /* String+Subscripts.swift */; };
		8CC483BD29386EDE00003294 /* String+Subscripts.swift in Sources */ = {isa = PBXBuildFile; fileRef = 8CC483B929386EDE00003294 /* String+Subscripts.swift */; };
		8CC483BE293A475900003294 /* input.txt in CopyFiles */ = {isa = PBXBuildFile; fileRef = 8CC483B42938681200003294 /* input.txt */; };
		8CC483C0293A640D00003294 /* Day02Alternative.swift in Sources */ = {isa = PBXBuildFile; fileRef = 8CC483BF293A640D00003294 /* Day02Alternative.swift */; };
		8CC483C8293A664100003294 /* main.swift in Sources */ = {isa = PBXBuildFile; fileRef = 8CC483C7293A664100003294 /* main.swift */; };
		8CC483CE293A667900003294 /* Day03.swift in Sources */ = {isa = PBXBuildFile; fileRef = 8CC483CD293A667900003294 /* Day03.swift */; };
		8CC483CF293A66A400003294 /* Puzzle.swift in Sources */ = {isa = PBXBuildFile; fileRef = 8CC483B0293865F300003294 /* Puzzle.swift */; };
		8CC483D0293A66A400003294 /* String+Advent.swift in Sources */ = {isa = PBXBuildFile; fileRef = 8CC483B829386EDE00003294 /* String+Advent.swift */; };
		8CC483D1293A66A400003294 /* FileInput.swift in Sources */ = {isa = PBXBuildFile; fileRef = 8CC4839129385AA300003294 /* FileInput.swift */; };
		8CC483D2293A66A400003294 /* String+Subscripts.swift in Sources */ = {isa = PBXBuildFile; fileRef = 8CC483B929386EDE00003294 /* String+Subscripts.swift */; };
		8CC483D3293A66BF00003294 /* input.txt in CopyFiles */ = {isa = PBXBuildFile; fileRef = 8CC483CC293A667900003294 /* input.txt */; };
		8CC483DB293B22F200003294 /* main.swift in Sources */ = {isa = PBXBuildFile; fileRef = 8CC483DA293B22F200003294 /* main.swift */; };
		8CC483E1293B231700003294 /* Day04.swift in Sources */ = {isa = PBXBuildFile; fileRef = 8CC483E0293B231700003294 /* Day04.swift */; };
		8CC483E2293B233100003294 /* input.txt in CopyFiles */ = {isa = PBXBuildFile; fileRef = 8CC483DF293B231700003294 /* input.txt */; };
		8CC483E3293B233800003294 /* FileInput.swift in Sources */ = {isa = PBXBuildFile; fileRef = 8CC4839129385AA300003294 /* FileInput.swift */; };
		8CC483E4293B233800003294 /* String+Subscripts.swift in Sources */ = {isa = PBXBuildFile; fileRef = 8CC483B929386EDE00003294 /* String+Subscripts.swift */; };
		8CC483E5293B233800003294 /* Puzzle.swift in Sources */ = {isa = PBXBuildFile; fileRef = 8CC483B0293865F300003294 /* Puzzle.swift */; };
		8CC483E6293B233800003294 /* String+Advent.swift in Sources */ = {isa = PBXBuildFile; fileRef = 8CC483B829386EDE00003294 /* String+Advent.swift */; };
		8CC483EE293E249B00003294 /* main.swift in Sources */ = {isa = PBXBuildFile; fileRef = 8CC483ED293E249B00003294 /* main.swift */; };
		8CC483F4293E24C800003294 /* Day05.swift in Sources */ = {isa = PBXBuildFile; fileRef = 8CC483F2293E24C800003294 /* Day05.swift */; };
		8CC483F5293E24CE00003294 /* FileInput.swift in Sources */ = {isa = PBXBuildFile; fileRef = 8CC4839129385AA300003294 /* FileInput.swift */; };
		8CC483F6293E24CE00003294 /* Puzzle.swift in Sources */ = {isa = PBXBuildFile; fileRef = 8CC483B0293865F300003294 /* Puzzle.swift */; };
		8CC483F7293E24CE00003294 /* String+Advent.swift in Sources */ = {isa = PBXBuildFile; fileRef = 8CC483B829386EDE00003294 /* String+Advent.swift */; };
		8CC483F8293E24CE00003294 /* String+Subscripts.swift in Sources */ = {isa = PBXBuildFile; fileRef = 8CC483B929386EDE00003294 /* String+Subscripts.swift */; };
		8CC483F9293E250C00003294 /* input.txt in CopyFiles */ = {isa = PBXBuildFile; fileRef = 8CC483F3293E24C800003294 /* input.txt */; };
		8CC48401293E4FBD00003294 /* main.swift in Sources */ = {isa = PBXBuildFile; fileRef = 8CC48400293E4FBD00003294 /* main.swift */; };
		8CC48407293E576A00003294 /* Day06.swift in Sources */ = {isa = PBXBuildFile; fileRef = 8CC48406293E576A00003294 /* Day06.swift */; };
		8CC48408293E583500003294 /* String+Advent.swift in Sources */ = {isa = PBXBuildFile; fileRef = 8CC483B829386EDE00003294 /* String+Advent.swift */; };
		8CC48409293E583500003294 /* Puzzle.swift in Sources */ = {isa = PBXBuildFile; fileRef = 8CC483B0293865F300003294 /* Puzzle.swift */; };
		8CC4840A293E583500003294 /* String+Subscripts.swift in Sources */ = {isa = PBXBuildFile; fileRef = 8CC483B929386EDE00003294 /* String+Subscripts.swift */; };
		8CC4840B293E583500003294 /* FileInput.swift in Sources */ = {isa = PBXBuildFile; fileRef = 8CC4839129385AA300003294 /* FileInput.swift */; };
		8CC4840C293E584E00003294 /* input.txt in CopyFiles */ = {isa = PBXBuildFile; fileRef = 8CC48405293E576A00003294 /* input.txt */; };
/* End PBXBuildFile section */

/* Begin PBXCopyFilesBuildPhase section */
		8C28AD652941953900E623E5 /* CopyFiles */ = {
			isa = PBXCopyFilesBuildPhase;
			buildActionMask = 12;
			dstPath = "";
			dstSubfolderSpec = 6;
			files = (
				8C28AD75294195AC00E623E5 /* input.txt in CopyFiles */,
			);
			runOnlyForDeploymentPostprocessing = 0;
		};
		8C28AD7A2942E25500E623E5 /* CopyFiles */ = {
			isa = PBXCopyFilesBuildPhase;
			buildActionMask = 12;
			dstPath = "";
			dstSubfolderSpec = 6;
			files = (
				8C28AD862942E2BB00E623E5 /* input.txt in CopyFiles */,
			);
			runOnlyForDeploymentPostprocessing = 0;
		};
		8C28AD8D29438D4300E623E5 /* CopyFiles */ = {
			isa = PBXCopyFilesBuildPhase;
			buildActionMask = 12;
			dstPath = "";
			dstSubfolderSpec = 6;
			files = (
				8C28AD9D29438DAE00E623E5 /* input.txt in CopyFiles */,
			);
			runOnlyForDeploymentPostprocessing = 0;
		};
		8C28ADC3294538A900E623E5 /* CopyFiles */ = {
			isa = PBXCopyFilesBuildPhase;
			buildActionMask = 12;
			dstPath = "";
			dstSubfolderSpec = 6;
			files = (
				8C28ADD42945393400E623E5 /* input.txt in CopyFiles */,
			);
			runOnlyForDeploymentPostprocessing = 0;
		};
		8C28ADD7294665FA00E623E5 /* CopyFiles */ = {
			isa = PBXCopyFilesBuildPhase;
			buildActionMask = 12;
			dstPath = "";
			dstSubfolderSpec = 6;
			files = (
				8C28ADE82946672600E623E5 /* input.txt in CopyFiles */,
			);
			runOnlyForDeploymentPostprocessing = 0;
		};
		8C28ADF22948B0B300E623E5 /* CopyFiles */ = {
			isa = PBXCopyFilesBuildPhase;
			buildActionMask = 12;
			dstPath = "";
			dstSubfolderSpec = 6;
			files = (
				8C28AE032948B12100E623E5 /* input.txt in CopyFiles */,
			);
			runOnlyForDeploymentPostprocessing = 0;
		};
		8C28AE0629498F7300E623E5 /* CopyFiles */ = {
			isa = PBXCopyFilesBuildPhase;
			buildActionMask = 12;
			dstPath = "";
			dstSubfolderSpec = 6;
			files = (
				8C28AE1329498FF700E623E5 /* input.txt in CopyFiles */,
			);
			runOnlyForDeploymentPostprocessing = 0;
		};
		8C28AE22294AA29100E623E5 /* CopyFiles */ = {
			isa = PBXCopyFilesBuildPhase;
			buildActionMask = 12;
			dstPath = "";
			dstSubfolderSpec = 6;
			files = (
				8C28AE2E294AA2E200E623E5 /* input.txt in CopyFiles */,
			);
			runOnlyForDeploymentPostprocessing = 0;
		};
		8CA0153D293F0F4F0085A2E1 /* CopyFiles */ = {
			isa = PBXCopyFilesBuildPhase;
			buildActionMask = 12;
			dstPath = "";
			dstSubfolderSpec = 6;
			files = (
				8CA0154D293F0FF80085A2E1 /* input.txt in CopyFiles */,
			);
			runOnlyForDeploymentPostprocessing = 0;
		};
		8CC4839929385C0C00003294 /* CopyFiles */ = {
			isa = PBXCopyFilesBuildPhase;
			buildActionMask = 12;
			dstPath = "";
			dstSubfolderSpec = 6;
			files = (
				8CC483BE293A475900003294 /* input.txt in CopyFiles */,
			);
			runOnlyForDeploymentPostprocessing = 0;
		};
		8CC483A429385C7000003294 /* CopyFiles */ = {
			isa = PBXCopyFilesBuildPhase;
			buildActionMask = 12;
			dstPath = "";
			dstSubfolderSpec = 6;
			files = (
				8CC483B32938665A00003294 /* input.txt in CopyFiles */,
			);
			runOnlyForDeploymentPostprocessing = 0;
		};
		8CC483C3293A664100003294 /* CopyFiles */ = {
			isa = PBXCopyFilesBuildPhase;
			buildActionMask = 12;
			dstPath = "";
			dstSubfolderSpec = 6;
			files = (
				8CC483D3293A66BF00003294 /* input.txt in CopyFiles */,
			);
			runOnlyForDeploymentPostprocessing = 0;
		};
		8CC483D6293B22F200003294 /* CopyFiles */ = {
			isa = PBXCopyFilesBuildPhase;
			buildActionMask = 12;
			dstPath = "";
			dstSubfolderSpec = 6;
			files = (
				8CC483E2293B233100003294 /* input.txt in CopyFiles */,
			);
			runOnlyForDeploymentPostprocessing = 0;
		};
		8CC483E9293E249B00003294 /* CopyFiles */ = {
			isa = PBXCopyFilesBuildPhase;
			buildActionMask = 12;
			dstPath = "";
			dstSubfolderSpec = 6;
			files = (
				8CC483F9293E250C00003294 /* input.txt in CopyFiles */,
			);
			runOnlyForDeploymentPostprocessing = 0;
		};
		8CC483FC293E4FBD00003294 /* CopyFiles */ = {
			isa = PBXCopyFilesBuildPhase;
			buildActionMask = 12;
			dstPath = "";
			dstSubfolderSpec = 6;
			files = (
				8CC4840C293E584E00003294 /* input.txt in CopyFiles */,
			);
			runOnlyForDeploymentPostprocessing = 0;
		};
/* End PBXCopyFilesBuildPhase section */

/* Begin PBXFileReference section */
		8C28AD672941953900E623E5 /* Day 08 */ = {isa = PBXFileReference; explicitFileType = "compiled.mach-o.executable"; includeInIndex = 0; path = "Day 08"; sourceTree = BUILT_PRODUCTS_DIR; };
		8C28AD692941953900E623E5 /* main.swift */ = {isa = PBXFileReference; lastKnownFileType = sourcecode.swift; path = main.swift; sourceTree = "<group>"; };
		8C28AD6E2941956300E623E5 /* input.txt */ = {isa = PBXFileReference; fileEncoding = 4; lastKnownFileType = text; path = input.txt; sourceTree = "<group>"; };
		8C28AD6F2941956300E623E5 /* Day08.swift */ = {isa = PBXFileReference; fileEncoding = 4; lastKnownFileType = sourcecode.swift; path = Day08.swift; sourceTree = "<group>"; };
		8C28AD762941B54100E623E5 /* GridLocation.swift */ = {isa = PBXFileReference; fileEncoding = 4; lastKnownFileType = sourcecode.swift; path = GridLocation.swift; sourceTree = "<group>"; };
		8C28AD7C2942E25500E623E5 /* Day 09 */ = {isa = PBXFileReference; explicitFileType = "compiled.mach-o.executable"; includeInIndex = 0; path = "Day 09"; sourceTree = BUILT_PRODUCTS_DIR; };
		8C28AD7E2942E25500E623E5 /* main.swift */ = {isa = PBXFileReference; lastKnownFileType = sourcecode.swift; path = main.swift; sourceTree = "<group>"; };
		8C28AD832942E2B200E623E5 /* input.txt */ = {isa = PBXFileReference; fileEncoding = 4; lastKnownFileType = text; path = input.txt; sourceTree = "<group>"; };
		8C28AD842942E2B200E623E5 /* Day09.swift */ = {isa = PBXFileReference; fileEncoding = 4; lastKnownFileType = sourcecode.swift; path = Day09.swift; sourceTree = "<group>"; };
		8C28AD8F29438D4300E623E5 /* Day 10 */ = {isa = PBXFileReference; explicitFileType = "compiled.mach-o.executable"; includeInIndex = 0; path = "Day 10"; sourceTree = BUILT_PRODUCTS_DIR; };
		8C28AD9129438D4300E623E5 /* main.swift */ = {isa = PBXFileReference; lastKnownFileType = sourcecode.swift; path = main.swift; sourceTree = "<group>"; };
		8C28AD9629438D6C00E623E5 /* Day10.swift */ = {isa = PBXFileReference; fileEncoding = 4; lastKnownFileType = sourcecode.swift; path = Day10.swift; sourceTree = "<group>"; };
		8C28AD9729438D6C00E623E5 /* input.txt */ = {isa = PBXFileReference; fileEncoding = 4; lastKnownFileType = text; path = input.txt; sourceTree = "<group>"; };
		8C28ADA22943ED0B00E623E5 /* AdventUnitTests.xctest */ = {isa = PBXFileReference; explicitFileType = wrapper.cfbundle; includeInIndex = 0; path = AdventUnitTests.xctest; sourceTree = BUILT_PRODUCTS_DIR; };
		8C28ADA42943ED0B00E623E5 /* AdventUnitTests.swift */ = {isa = PBXFileReference; lastKnownFileType = sourcecode.swift; path = AdventUnitTests.swift; sourceTree = "<group>"; };
		8C28ADC5294538A900E623E5 /* Day 11 */ = {isa = PBXFileReference; explicitFileType = "compiled.mach-o.executable"; includeInIndex = 0; path = "Day 11"; sourceTree = BUILT_PRODUCTS_DIR; };
		8C28ADC7294538A900E623E5 /* main.swift */ = {isa = PBXFileReference; lastKnownFileType = sourcecode.swift; path = main.swift; sourceTree = "<group>"; };
		8C28ADCC294538D800E623E5 /* Day11.swift */ = {isa = PBXFileReference; fileEncoding = 4; lastKnownFileType = sourcecode.swift; path = Day11.swift; sourceTree = "<group>"; };
		8C28ADCD294538D800E623E5 /* input.txt */ = {isa = PBXFileReference; fileEncoding = 4; lastKnownFileType = text; path = input.txt; sourceTree = "<group>"; };
		8C28ADD9294665FA00E623E5 /* Day 12 */ = {isa = PBXFileReference; explicitFileType = "compiled.mach-o.executable"; includeInIndex = 0; path = "Day 12"; sourceTree = BUILT_PRODUCTS_DIR; };
		8C28ADDB294665FA00E623E5 /* main.swift */ = {isa = PBXFileReference; lastKnownFileType = sourcecode.swift; path = main.swift; sourceTree = "<group>"; };
		8C28ADE02946662B00E623E5 /* input.txt */ = {isa = PBXFileReference; fileEncoding = 4; lastKnownFileType = text; path = input.txt; sourceTree = "<group>"; };
		8C28ADE12946662B00E623E5 /* Day12.swift */ = {isa = PBXFileReference; fileEncoding = 4; lastKnownFileType = sourcecode.swift; path = Day12.swift; sourceTree = "<group>"; };
		8C28ADE9294765CE00E623E5 /* TreeNode.swift */ = {isa = PBXFileReference; fileEncoding = 4; lastKnownFileType = sourcecode.swift; path = TreeNode.swift; sourceTree = "<group>"; };
		8C28ADF42948B0B300E623E5 /* Day 13 */ = {isa = PBXFileReference; explicitFileType = "compiled.mach-o.executable"; includeInIndex = 0; path = "Day 13"; sourceTree = BUILT_PRODUCTS_DIR; };
		8C28ADF62948B0B300E623E5 /* main.swift */ = {isa = PBXFileReference; lastKnownFileType = sourcecode.swift; path = main.swift; sourceTree = "<group>"; };
		8C28ADFB2948B0D800E623E5 /* Day13.swift */ = {isa = PBXFileReference; fileEncoding = 4; lastKnownFileType = sourcecode.swift; path = Day13.swift; sourceTree = "<group>"; };
		8C28ADFC2948B0D800E623E5 /* input.txt */ = {isa = PBXFileReference; fileEncoding = 4; lastKnownFileType = text; path = input.txt; sourceTree = "<group>"; };
		8C28AE0829498F7300E623E5 /* Day 14 */ = {isa = PBXFileReference; explicitFileType = "compiled.mach-o.executable"; includeInIndex = 0; path = "Day 14"; sourceTree = BUILT_PRODUCTS_DIR; };
		8C28AE0A29498F7300E623E5 /* main.swift */ = {isa = PBXFileReference; lastKnownFileType = sourcecode.swift; path = main.swift; sourceTree = "<group>"; };
		8C28AE0F29498F9900E623E5 /* Day14.swift */ = {isa = PBXFileReference; fileEncoding = 4; lastKnownFileType = sourcecode.swift; path = Day14.swift; sourceTree = "<group>"; };
		8C28AE1029498F9900E623E5 /* input.txt */ = {isa = PBXFileReference; fileEncoding = 4; lastKnownFileType = text; path = input.txt; sourceTree = "<group>"; };
		8C28AE192949A83E00E623E5 /* Queue.swift */ = {isa = PBXFileReference; lastKnownFileType = sourcecode.swift; path = Queue.swift; sourceTree = "<group>"; };
		8C28AE1D2949B44F00E623E5 /* Pathfinding.swift */ = {isa = PBXFileReference; lastKnownFileType = sourcecode.swift; path = Pathfinding.swift; sourceTree = "<group>"; };
		8C28AE24294AA29100E623E5 /* Day 15 */ = {isa = PBXFileReference; explicitFileType = "compiled.mach-o.executable"; includeInIndex = 0; path = "Day 15"; sourceTree = BUILT_PRODUCTS_DIR; };
		8C28AE26294AA29100E623E5 /* main.swift */ = {isa = PBXFileReference; lastKnownFileType = sourcecode.swift; path = main.swift; sourceTree = "<group>"; };
		8C28AE2B294AA2CC00E623E5 /* Day15.swift */ = {isa = PBXFileReference; fileEncoding = 4; lastKnownFileType = sourcecode.swift; path = Day15.swift; sourceTree = "<group>"; };
		8C28AE2C294AA2CC00E623E5 /* input.txt */ = {isa = PBXFileReference; fileEncoding = 4; lastKnownFileType = text; path = input.txt; sourceTree = "<group>"; };
		8C28AE34294CCE4500E623E5 /* Ranges.swift */ = {isa = PBXFileReference; lastKnownFileType = sourcecode.swift; path = Ranges.swift; sourceTree = "<group>"; };
		8CA0153F293F0F4F0085A2E1 /* Day 07 */ = {isa = PBXFileReference; explicitFileType = "compiled.mach-o.executable"; includeInIndex = 0; path = "Day 07"; sourceTree = BUILT_PRODUCTS_DIR; };
		8CA01541293F0F4F0085A2E1 /* main.swift */ = {isa = PBXFileReference; lastKnownFileType = sourcecode.swift; path = main.swift; sourceTree = "<group>"; };
		8CA01546293F0F860085A2E1 /* Day07.swift */ = {isa = PBXFileReference; fileEncoding = 4; lastKnownFileType = sourcecode.swift; path = Day07.swift; sourceTree = "<group>"; };
		8CA01547293F0F860085A2E1 /* input.txt */ = {isa = PBXFileReference; fileEncoding = 4; lastKnownFileType = text; path = input.txt; sourceTree = "<group>"; };
		8CC4839129385AA300003294 /* FileInput.swift */ = {isa = PBXFileReference; fileEncoding = 4; lastKnownFileType = sourcecode.swift; path = FileInput.swift; sourceTree = "<group>"; };
		8CC4839329385AD100003294 /* Day01.swift */ = {isa = PBXFileReference; fileEncoding = 4; indentWidth = 4; lastKnownFileType = sourcecode.swift; path = Day01.swift; sourceTree = "<group>"; tabWidth = 4; };
		8CC4839429385AD100003294 /* input.txt */ = {isa = PBXFileReference; fileEncoding = 4; lastKnownFileType = text; path = input.txt; sourceTree = "<group>"; };
		8CC4839B29385C0C00003294 /* Day 02 */ = {isa = PBXFileReference; explicitFileType = "compiled.mach-o.executable"; includeInIndex = 0; path = "Day 02"; sourceTree = BUILT_PRODUCTS_DIR; };
		8CC4839D29385C0C00003294 /* main.swift */ = {isa = PBXFileReference; indentWidth = 4; lastKnownFileType = sourcecode.swift; path = main.swift; sourceTree = "<group>"; tabWidth = 4; };
		8CC483A629385C7000003294 /* Day 01 */ = {isa = PBXFileReference; explicitFileType = "compiled.mach-o.executable"; includeInIndex = 0; path = "Day 01"; sourceTree = BUILT_PRODUCTS_DIR; };
		8CC483A829385C7000003294 /* main.swift */ = {isa = PBXFileReference; lastKnownFileType = sourcecode.swift; path = main.swift; sourceTree = "<group>"; };
		8CC483B0293865F300003294 /* Puzzle.swift */ = {isa = PBXFileReference; fileEncoding = 4; lastKnownFileType = sourcecode.swift; path = Puzzle.swift; sourceTree = "<group>"; };
		8CC483B42938681200003294 /* input.txt */ = {isa = PBXFileReference; fileEncoding = 4; lastKnownFileType = text; path = input.txt; sourceTree = "<group>"; };
		8CC483B52938681200003294 /* Day02.swift */ = {isa = PBXFileReference; fileEncoding = 4; indentWidth = 4; lastKnownFileType = sourcecode.swift; path = Day02.swift; sourceTree = "<group>"; tabWidth = 4; };
		8CC483B829386EDE00003294 /* String+Advent.swift */ = {isa = PBXFileReference; fileEncoding = 4; lastKnownFileType = sourcecode.swift; path = "String+Advent.swift"; sourceTree = "<group>"; };
		8CC483B929386EDE00003294 /* String+Subscripts.swift */ = {isa = PBXFileReference; fileEncoding = 4; lastKnownFileType = sourcecode.swift; path = "String+Subscripts.swift"; sourceTree = "<group>"; };
		8CC483BF293A640D00003294 /* Day02Alternative.swift */ = {isa = PBXFileReference; indentWidth = 4; lastKnownFileType = sourcecode.swift; path = Day02Alternative.swift; sourceTree = "<group>"; tabWidth = 4; };
		8CC483C5293A664100003294 /* Day 03 */ = {isa = PBXFileReference; explicitFileType = "compiled.mach-o.executable"; includeInIndex = 0; path = "Day 03"; sourceTree = BUILT_PRODUCTS_DIR; };
		8CC483C7293A664100003294 /* main.swift */ = {isa = PBXFileReference; lastKnownFileType = sourcecode.swift; path = main.swift; sourceTree = "<group>"; };
		8CC483CC293A667900003294 /* input.txt */ = {isa = PBXFileReference; fileEncoding = 4; lastKnownFileType = text; path = input.txt; sourceTree = "<group>"; };
		8CC483CD293A667900003294 /* Day03.swift */ = {isa = PBXFileReference; fileEncoding = 4; lastKnownFileType = sourcecode.swift; path = Day03.swift; sourceTree = "<group>"; };
		8CC483D8293B22F200003294 /* Day 04 */ = {isa = PBXFileReference; explicitFileType = "compiled.mach-o.executable"; includeInIndex = 0; path = "Day 04"; sourceTree = BUILT_PRODUCTS_DIR; };
		8CC483DA293B22F200003294 /* main.swift */ = {isa = PBXFileReference; lastKnownFileType = sourcecode.swift; path = main.swift; sourceTree = "<group>"; };
		8CC483DF293B231700003294 /* input.txt */ = {isa = PBXFileReference; fileEncoding = 4; lastKnownFileType = text; path = input.txt; sourceTree = "<group>"; };
		8CC483E0293B231700003294 /* Day04.swift */ = {isa = PBXFileReference; fileEncoding = 4; lastKnownFileType = sourcecode.swift; path = Day04.swift; sourceTree = "<group>"; };
		8CC483EB293E249B00003294 /* Day 05 */ = {isa = PBXFileReference; explicitFileType = "compiled.mach-o.executable"; includeInIndex = 0; path = "Day 05"; sourceTree = BUILT_PRODUCTS_DIR; };
		8CC483ED293E249B00003294 /* main.swift */ = {isa = PBXFileReference; lastKnownFileType = sourcecode.swift; path = main.swift; sourceTree = "<group>"; };
		8CC483F2293E24C800003294 /* Day05.swift */ = {isa = PBXFileReference; fileEncoding = 4; lastKnownFileType = sourcecode.swift; path = Day05.swift; sourceTree = "<group>"; };
		8CC483F3293E24C800003294 /* input.txt */ = {isa = PBXFileReference; fileEncoding = 4; lastKnownFileType = text; path = input.txt; sourceTree = "<group>"; };
		8CC483FE293E4FBD00003294 /* Day 06 */ = {isa = PBXFileReference; explicitFileType = "compiled.mach-o.executable"; includeInIndex = 0; path = "Day 06"; sourceTree = BUILT_PRODUCTS_DIR; };
		8CC48400293E4FBD00003294 /* main.swift */ = {isa = PBXFileReference; lastKnownFileType = sourcecode.swift; path = main.swift; sourceTree = "<group>"; };
		8CC48405293E576A00003294 /* input.txt */ = {isa = PBXFileReference; fileEncoding = 4; lastKnownFileType = text; path = input.txt; sourceTree = "<group>"; };
		8CC48406293E576A00003294 /* Day06.swift */ = {isa = PBXFileReference; fileEncoding = 4; lastKnownFileType = sourcecode.swift; path = Day06.swift; sourceTree = "<group>"; };
/* End PBXFileReference section */

/* Begin PBXFrameworksBuildPhase section */
		8C28AD642941953900E623E5 /* Frameworks */ = {
			isa = PBXFrameworksBuildPhase;
			buildActionMask = 2147483647;
			files = (
			);
			runOnlyForDeploymentPostprocessing = 0;
		};
		8C28AD792942E25500E623E5 /* Frameworks */ = {
			isa = PBXFrameworksBuildPhase;
			buildActionMask = 2147483647;
			files = (
			);
			runOnlyForDeploymentPostprocessing = 0;
		};
		8C28AD8C29438D4300E623E5 /* Frameworks */ = {
			isa = PBXFrameworksBuildPhase;
			buildActionMask = 2147483647;
			files = (
			);
			runOnlyForDeploymentPostprocessing = 0;
		};
		8C28AD9F2943ED0B00E623E5 /* Frameworks */ = {
			isa = PBXFrameworksBuildPhase;
			buildActionMask = 2147483647;
			files = (
			);
			runOnlyForDeploymentPostprocessing = 0;
		};
		8C28ADC2294538A900E623E5 /* Frameworks */ = {
			isa = PBXFrameworksBuildPhase;
			buildActionMask = 2147483647;
			files = (
			);
			runOnlyForDeploymentPostprocessing = 0;
		};
		8C28ADD6294665FA00E623E5 /* Frameworks */ = {
			isa = PBXFrameworksBuildPhase;
			buildActionMask = 2147483647;
			files = (
			);
			runOnlyForDeploymentPostprocessing = 0;
		};
		8C28ADF12948B0B300E623E5 /* Frameworks */ = {
			isa = PBXFrameworksBuildPhase;
			buildActionMask = 2147483647;
			files = (
			);
			runOnlyForDeploymentPostprocessing = 0;
		};
		8C28AE0529498F7300E623E5 /* Frameworks */ = {
			isa = PBXFrameworksBuildPhase;
			buildActionMask = 2147483647;
			files = (
			);
			runOnlyForDeploymentPostprocessing = 0;
		};
		8C28AE21294AA29100E623E5 /* Frameworks */ = {
			isa = PBXFrameworksBuildPhase;
			buildActionMask = 2147483647;
			files = (
			);
			runOnlyForDeploymentPostprocessing = 0;
		};
		8CA0153C293F0F4F0085A2E1 /* Frameworks */ = {
			isa = PBXFrameworksBuildPhase;
			buildActionMask = 2147483647;
			files = (
			);
			runOnlyForDeploymentPostprocessing = 0;
		};
		8CC4839829385C0C00003294 /* Frameworks */ = {
			isa = PBXFrameworksBuildPhase;
			buildActionMask = 2147483647;
			files = (
			);
			runOnlyForDeploymentPostprocessing = 0;
		};
		8CC483A329385C7000003294 /* Frameworks */ = {
			isa = PBXFrameworksBuildPhase;
			buildActionMask = 2147483647;
			files = (
			);
			runOnlyForDeploymentPostprocessing = 0;
		};
		8CC483C2293A664100003294 /* Frameworks */ = {
			isa = PBXFrameworksBuildPhase;
			buildActionMask = 2147483647;
			files = (
			);
			runOnlyForDeploymentPostprocessing = 0;
		};
		8CC483D5293B22F200003294 /* Frameworks */ = {
			isa = PBXFrameworksBuildPhase;
			buildActionMask = 2147483647;
			files = (
			);
			runOnlyForDeploymentPostprocessing = 0;
		};
		8CC483E8293E249B00003294 /* Frameworks */ = {
			isa = PBXFrameworksBuildPhase;
			buildActionMask = 2147483647;
			files = (
			);
			runOnlyForDeploymentPostprocessing = 0;
		};
		8CC483FB293E4FBD00003294 /* Frameworks */ = {
			isa = PBXFrameworksBuildPhase;
			buildActionMask = 2147483647;
			files = (
			);
			runOnlyForDeploymentPostprocessing = 0;
		};
/* End PBXFrameworksBuildPhase section */

/* Begin PBXGroup section */
		8C28AD682941953900E623E5 /* Day 08 */ = {
			isa = PBXGroup;
			children = (
				8C28AD692941953900E623E5 /* main.swift */,
				8C28AD6F2941956300E623E5 /* Day08.swift */,
				8C28AD6E2941956300E623E5 /* input.txt */,
			);
			path = "Day 08";
			sourceTree = "<group>";
		};
		8C28AD7D2942E25500E623E5 /* Day 09 */ = {
			isa = PBXGroup;
			children = (
				8C28AD7E2942E25500E623E5 /* main.swift */,
				8C28AD842942E2B200E623E5 /* Day09.swift */,
				8C28AD832942E2B200E623E5 /* input.txt */,
			);
			path = "Day 09";
			sourceTree = "<group>";
		};
		8C28AD9029438D4300E623E5 /* Day 10 */ = {
			isa = PBXGroup;
			children = (
				8C28AD9129438D4300E623E5 /* main.swift */,
				8C28AD9629438D6C00E623E5 /* Day10.swift */,
				8C28AD9729438D6C00E623E5 /* input.txt */,
			);
			path = "Day 10";
			sourceTree = "<group>";
		};
		8C28ADA32943ED0B00E623E5 /* AdventUnitTests */ = {
			isa = PBXGroup;
			children = (
				8C28ADA42943ED0B00E623E5 /* AdventUnitTests.swift */,
			);
			path = AdventUnitTests;
			sourceTree = "<group>";
		};
		8C28ADC6294538A900E623E5 /* Day 11 */ = {
			isa = PBXGroup;
			children = (
				8C28ADC7294538A900E623E5 /* main.swift */,
				8C28ADCC294538D800E623E5 /* Day11.swift */,
				8C28ADCD294538D800E623E5 /* input.txt */,
			);
			path = "Day 11";
			sourceTree = "<group>";
		};
		8C28ADDA294665FA00E623E5 /* Day 12 */ = {
			isa = PBXGroup;
			children = (
				8C28ADDB294665FA00E623E5 /* main.swift */,
				8C28ADE12946662B00E623E5 /* Day12.swift */,
				8C28ADE02946662B00E623E5 /* input.txt */,
			);
			path = "Day 12";
			sourceTree = "<group>";
		};
		8C28ADF52948B0B300E623E5 /* Day 13 */ = {
			isa = PBXGroup;
			children = (
				8C28ADF62948B0B300E623E5 /* main.swift */,
				8C28ADFB2948B0D800E623E5 /* Day13.swift */,
				8C28ADFC2948B0D800E623E5 /* input.txt */,
			);
			path = "Day 13";
			sourceTree = "<group>";
		};
		8C28AE0929498F7300E623E5 /* Day 14 */ = {
			isa = PBXGroup;
			children = (
				8C28AE0A29498F7300E623E5 /* main.swift */,
				8C28AE0F29498F9900E623E5 /* Day14.swift */,
				8C28AE1029498F9900E623E5 /* input.txt */,
			);
			path = "Day 14";
			sourceTree = "<group>";
		};
		8C28AE25294AA29100E623E5 /* Day 15 */ = {
			isa = PBXGroup;
			children = (
				8C28AE26294AA29100E623E5 /* main.swift */,
				8C28AE2B294AA2CC00E623E5 /* Day15.swift */,
				8C28AE2C294AA2CC00E623E5 /* input.txt */,
			);
			path = "Day 15";
			sourceTree = "<group>";
		};
		8CA01540293F0F4F0085A2E1 /* Day 07 */ = {
			isa = PBXGroup;
			children = (
				8CA01541293F0F4F0085A2E1 /* main.swift */,
				8CA01546293F0F860085A2E1 /* Day07.swift */,
				8CA01547293F0F860085A2E1 /* input.txt */,
			);
			path = "Day 07";
			sourceTree = "<group>";
		};
		8CC4837C2938584100003294 = {
			isa = PBXGroup;
			children = (
				8C28ADA32943ED0B00E623E5 /* AdventUnitTests */,
				8CC4839029385AA300003294 /* Common */,
				8CC483A729385C7000003294 /* Day 01 */,
				8CC4839C29385C0C00003294 /* Day 02 */,
				8CC483C6293A664100003294 /* Day 03 */,
				8CC483D9293B22F200003294 /* Day 04 */,
				8CC483EC293E249B00003294 /* Day 05 */,
				8CC483FF293E4FBD00003294 /* Day 06 */,
				8CA01540293F0F4F0085A2E1 /* Day 07 */,
				8C28AD682941953900E623E5 /* Day 08 */,
				8C28AD7D2942E25500E623E5 /* Day 09 */,
				8C28AD9029438D4300E623E5 /* Day 10 */,
				8C28ADC6294538A900E623E5 /* Day 11 */,
				8C28ADDA294665FA00E623E5 /* Day 12 */,
				8C28ADF52948B0B300E623E5 /* Day 13 */,
				8C28AE0929498F7300E623E5 /* Day 14 */,
				8C28AE25294AA29100E623E5 /* Day 15 */,
				8CC483862938584100003294 /* Products */,
			);
			sourceTree = "<group>";
		};
		8CC483862938584100003294 /* Products */ = {
			isa = PBXGroup;
			children = (
				8CC4839B29385C0C00003294 /* Day 02 */,
				8CC483A629385C7000003294 /* Day 01 */,
				8CC483C5293A664100003294 /* Day 03 */,
				8CC483D8293B22F200003294 /* Day 04 */,
				8CC483EB293E249B00003294 /* Day 05 */,
				8CC483FE293E4FBD00003294 /* Day 06 */,
				8CA0153F293F0F4F0085A2E1 /* Day 07 */,
				8C28AD672941953900E623E5 /* Day 08 */,
				8C28AD7C2942E25500E623E5 /* Day 09 */,
				8C28AD8F29438D4300E623E5 /* Day 10 */,
				8C28ADA22943ED0B00E623E5 /* AdventUnitTests.xctest */,
				8C28ADC5294538A900E623E5 /* Day 11 */,
				8C28ADD9294665FA00E623E5 /* Day 12 */,
				8C28ADF42948B0B300E623E5 /* Day 13 */,
				8C28AE0829498F7300E623E5 /* Day 14 */,
				8C28AE24294AA29100E623E5 /* Day 15 */,
			);
			name = Products;
			sourceTree = "<group>";
		};
		8CC4839029385AA300003294 /* Common */ = {
			isa = PBXGroup;
			children = (
				8CC4839129385AA300003294 /* FileInput.swift */,
				8CC483B0293865F300003294 /* Puzzle.swift */,
				8CC483B829386EDE00003294 /* String+Advent.swift */,
				8CC483B929386EDE00003294 /* String+Subscripts.swift */,
				8C28AD762941B54100E623E5 /* GridLocation.swift */,
				8C28ADE9294765CE00E623E5 /* TreeNode.swift */,
				8C28AE192949A83E00E623E5 /* Queue.swift */,
				8C28AE1D2949B44F00E623E5 /* Pathfinding.swift */,
				8C28AE34294CCE4500E623E5 /* Ranges.swift */,
			);
			path = Common;
			sourceTree = "<group>";
		};
		8CC4839C29385C0C00003294 /* Day 02 */ = {
			isa = PBXGroup;
			children = (
				8CC4839D29385C0C00003294 /* main.swift */,
				8CC483B52938681200003294 /* Day02.swift */,
				8CC483BF293A640D00003294 /* Day02Alternative.swift */,
				8CC483B42938681200003294 /* input.txt */,
			);
			indentWidth = 4;
			path = "Day 02";
			sourceTree = "<group>";
			tabWidth = 4;
		};
		8CC483A729385C7000003294 /* Day 01 */ = {
			isa = PBXGroup;
			children = (
				8CC483A829385C7000003294 /* main.swift */,
				8CC4839329385AD100003294 /* Day01.swift */,
				8CC4839429385AD100003294 /* input.txt */,
			);
			path = "Day 01";
			sourceTree = "<group>";
		};
		8CC483C6293A664100003294 /* Day 03 */ = {
			isa = PBXGroup;
			children = (
				8CC483C7293A664100003294 /* main.swift */,
				8CC483CD293A667900003294 /* Day03.swift */,
				8CC483CC293A667900003294 /* input.txt */,
			);
			path = "Day 03";
			sourceTree = "<group>";
		};
		8CC483D9293B22F200003294 /* Day 04 */ = {
			isa = PBXGroup;
			children = (
				8CC483DA293B22F200003294 /* main.swift */,
				8CC483E0293B231700003294 /* Day04.swift */,
				8CC483DF293B231700003294 /* input.txt */,
			);
			path = "Day 04";
			sourceTree = "<group>";
		};
		8CC483EC293E249B00003294 /* Day 05 */ = {
			isa = PBXGroup;
			children = (
				8CC483ED293E249B00003294 /* main.swift */,
				8CC483F2293E24C800003294 /* Day05.swift */,
				8CC483F3293E24C800003294 /* input.txt */,
			);
			path = "Day 05";
			sourceTree = "<group>";
		};
		8CC483FF293E4FBD00003294 /* Day 06 */ = {
			isa = PBXGroup;
			children = (
				8CC48400293E4FBD00003294 /* main.swift */,
				8CC48406293E576A00003294 /* Day06.swift */,
				8CC48405293E576A00003294 /* input.txt */,
			);
			path = "Day 06";
			sourceTree = "<group>";
		};
/* End PBXGroup section */

/* Begin PBXNativeTarget section */
		8C28AD662941953900E623E5 /* Day 08 */ = {
			isa = PBXNativeTarget;
			buildConfigurationList = 8C28AD6D2941953900E623E5 /* Build configuration list for PBXNativeTarget "Day 08" */;
			buildPhases = (
				8C28AD632941953900E623E5 /* Sources */,
				8C28AD642941953900E623E5 /* Frameworks */,
				8C28AD652941953900E623E5 /* CopyFiles */,
			);
			buildRules = (
			);
			dependencies = (
			);
			name = "Day 08";
			productName = "Day 08";
			productReference = 8C28AD672941953900E623E5 /* Day 08 */;
			productType = "com.apple.product-type.tool";
		};
		8C28AD7B2942E25500E623E5 /* Day 09 */ = {
			isa = PBXNativeTarget;
			buildConfigurationList = 8C28AD802942E25500E623E5 /* Build configuration list for PBXNativeTarget "Day 09" */;
			buildPhases = (
				8C28AD782942E25500E623E5 /* Sources */,
				8C28AD792942E25500E623E5 /* Frameworks */,
				8C28AD7A2942E25500E623E5 /* CopyFiles */,
			);
			buildRules = (
			);
			dependencies = (
			);
			name = "Day 09";
			productName = "Day 09";
			productReference = 8C28AD7C2942E25500E623E5 /* Day 09 */;
			productType = "com.apple.product-type.tool";
		};
		8C28AD8E29438D4300E623E5 /* Day 10 */ = {
			isa = PBXNativeTarget;
			buildConfigurationList = 8C28AD9329438D4300E623E5 /* Build configuration list for PBXNativeTarget "Day 10" */;
			buildPhases = (
				8C28AD8B29438D4300E623E5 /* Sources */,
				8C28AD8C29438D4300E623E5 /* Frameworks */,
				8C28AD8D29438D4300E623E5 /* CopyFiles */,
			);
			buildRules = (
			);
			dependencies = (
			);
			name = "Day 10";
			productName = "Day 10";
			productReference = 8C28AD8F29438D4300E623E5 /* Day 10 */;
			productType = "com.apple.product-type.tool";
		};
		8C28ADA12943ED0B00E623E5 /* AdventUnitTests */ = {
			isa = PBXNativeTarget;
			buildConfigurationList = 8C28ADA62943ED0B00E623E5 /* Build configuration list for PBXNativeTarget "AdventUnitTests" */;
			buildPhases = (
				8C28AD9E2943ED0B00E623E5 /* Sources */,
				8C28AD9F2943ED0B00E623E5 /* Frameworks */,
				8C28ADA02943ED0B00E623E5 /* Resources */,
			);
			buildRules = (
			);
			dependencies = (
			);
			name = AdventUnitTests;
			productName = AdventUnitTests;
			productReference = 8C28ADA22943ED0B00E623E5 /* AdventUnitTests.xctest */;
			productType = "com.apple.product-type.bundle.unit-test";
		};
		8C28ADC4294538A900E623E5 /* Day 11 */ = {
			isa = PBXNativeTarget;
			buildConfigurationList = 8C28ADC9294538A900E623E5 /* Build configuration list for PBXNativeTarget "Day 11" */;
			buildPhases = (
				8C28ADC1294538A900E623E5 /* Sources */,
				8C28ADC2294538A900E623E5 /* Frameworks */,
				8C28ADC3294538A900E623E5 /* CopyFiles */,
			);
			buildRules = (
			);
			dependencies = (
			);
			name = "Day 11";
			productName = "Day 11";
			productReference = 8C28ADC5294538A900E623E5 /* Day 11 */;
			productType = "com.apple.product-type.tool";
		};
		8C28ADD8294665FA00E623E5 /* Day 12 */ = {
			isa = PBXNativeTarget;
			buildConfigurationList = 8C28ADDD294665FA00E623E5 /* Build configuration list for PBXNativeTarget "Day 12" */;
			buildPhases = (
				8C28ADD5294665FA00E623E5 /* Sources */,
				8C28ADD6294665FA00E623E5 /* Frameworks */,
				8C28ADD7294665FA00E623E5 /* CopyFiles */,
			);
			buildRules = (
			);
			dependencies = (
			);
			name = "Day 12";
			productName = "Day 12";
			productReference = 8C28ADD9294665FA00E623E5 /* Day 12 */;
			productType = "com.apple.product-type.tool";
		};
		8C28ADF32948B0B300E623E5 /* Day 13 */ = {
			isa = PBXNativeTarget;
			buildConfigurationList = 8C28ADF82948B0B300E623E5 /* Build configuration list for PBXNativeTarget "Day 13" */;
			buildPhases = (
				8C28ADF02948B0B300E623E5 /* Sources */,
				8C28ADF12948B0B300E623E5 /* Frameworks */,
				8C28ADF22948B0B300E623E5 /* CopyFiles */,
			);
			buildRules = (
			);
			dependencies = (
			);
			name = "Day 13";
			productName = "Day 13";
			productReference = 8C28ADF42948B0B300E623E5 /* Day 13 */;
			productType = "com.apple.product-type.tool";
		};
		8C28AE0729498F7300E623E5 /* Day 14 */ = {
			isa = PBXNativeTarget;
			buildConfigurationList = 8C28AE0C29498F7300E623E5 /* Build configuration list for PBXNativeTarget "Day 14" */;
			buildPhases = (
				8C28AE0429498F7300E623E5 /* Sources */,
				8C28AE0529498F7300E623E5 /* Frameworks */,
				8C28AE0629498F7300E623E5 /* CopyFiles */,
			);
			buildRules = (
			);
			dependencies = (
			);
			name = "Day 14";
			productName = "Day 14";
			productReference = 8C28AE0829498F7300E623E5 /* Day 14 */;
			productType = "com.apple.product-type.tool";
		};
		8C28AE23294AA29100E623E5 /* Day 15 */ = {
			isa = PBXNativeTarget;
			buildConfigurationList = 8C28AE28294AA29100E623E5 /* Build configuration list for PBXNativeTarget "Day 15" */;
			buildPhases = (
				8C28AE20294AA29100E623E5 /* Sources */,
				8C28AE21294AA29100E623E5 /* Frameworks */,
				8C28AE22294AA29100E623E5 /* CopyFiles */,
			);
			buildRules = (
			);
			dependencies = (
			);
			name = "Day 15";
			productName = "Day 15";
			productReference = 8C28AE24294AA29100E623E5 /* Day 15 */;
			productType = "com.apple.product-type.tool";
		};
		8CA0153E293F0F4F0085A2E1 /* Day 07 */ = {
			isa = PBXNativeTarget;
			buildConfigurationList = 8CA01543293F0F4F0085A2E1 /* Build configuration list for PBXNativeTarget "Day 07" */;
			buildPhases = (
				8CA0153B293F0F4F0085A2E1 /* Sources */,
				8CA0153C293F0F4F0085A2E1 /* Frameworks */,
				8CA0153D293F0F4F0085A2E1 /* CopyFiles */,
			);
			buildRules = (
			);
			dependencies = (
			);
			name = "Day 07";
			productName = "Day 07";
			productReference = 8CA0153F293F0F4F0085A2E1 /* Day 07 */;
			productType = "com.apple.product-type.tool";
		};
		8CC4839A29385C0C00003294 /* Day 02 */ = {
			isa = PBXNativeTarget;
			buildConfigurationList = 8CC4839F29385C0C00003294 /* Build configuration list for PBXNativeTarget "Day 02" */;
			buildPhases = (
				8CC4839729385C0C00003294 /* Sources */,
				8CC4839829385C0C00003294 /* Frameworks */,
				8CC4839929385C0C00003294 /* CopyFiles */,
			);
			buildRules = (
			);
			dependencies = (
			);
			name = "Day 02";
			productName = "Day 02";
			productReference = 8CC4839B29385C0C00003294 /* Day 02 */;
			productType = "com.apple.product-type.tool";
		};
		8CC483A529385C7000003294 /* Day 01 */ = {
			isa = PBXNativeTarget;
			buildConfigurationList = 8CC483AA29385C7000003294 /* Build configuration list for PBXNativeTarget "Day 01" */;
			buildPhases = (
				8CC483A229385C7000003294 /* Sources */,
				8CC483A329385C7000003294 /* Frameworks */,
				8CC483A429385C7000003294 /* CopyFiles */,
			);
			buildRules = (
			);
			dependencies = (
			);
			name = "Day 01";
			productName = "Day 01";
			productReference = 8CC483A629385C7000003294 /* Day 01 */;
			productType = "com.apple.product-type.tool";
		};
		8CC483C4293A664100003294 /* Day 03 */ = {
			isa = PBXNativeTarget;
			buildConfigurationList = 8CC483C9293A664100003294 /* Build configuration list for PBXNativeTarget "Day 03" */;
			buildPhases = (
				8CC483C1293A664100003294 /* Sources */,
				8CC483C2293A664100003294 /* Frameworks */,
				8CC483C3293A664100003294 /* CopyFiles */,
			);
			buildRules = (
			);
			dependencies = (
			);
			name = "Day 03";
			productName = "Day 03";
			productReference = 8CC483C5293A664100003294 /* Day 03 */;
			productType = "com.apple.product-type.tool";
		};
		8CC483D7293B22F200003294 /* Day 04 */ = {
			isa = PBXNativeTarget;
			buildConfigurationList = 8CC483DC293B22F200003294 /* Build configuration list for PBXNativeTarget "Day 04" */;
			buildPhases = (
				8CC483D4293B22F200003294 /* Sources */,
				8CC483D5293B22F200003294 /* Frameworks */,
				8CC483D6293B22F200003294 /* CopyFiles */,
			);
			buildRules = (
			);
			dependencies = (
			);
			name = "Day 04";
			productName = "Day 04";
			productReference = 8CC483D8293B22F200003294 /* Day 04 */;
			productType = "com.apple.product-type.tool";
		};
		8CC483EA293E249B00003294 /* Day 05 */ = {
			isa = PBXNativeTarget;
			buildConfigurationList = 8CC483EF293E249B00003294 /* Build configuration list for PBXNativeTarget "Day 05" */;
			buildPhases = (
				8CC483E7293E249B00003294 /* Sources */,
				8CC483E8293E249B00003294 /* Frameworks */,
				8CC483E9293E249B00003294 /* CopyFiles */,
			);
			buildRules = (
			);
			dependencies = (
			);
			name = "Day 05";
			productName = "Day 05";
			productReference = 8CC483EB293E249B00003294 /* Day 05 */;
			productType = "com.apple.product-type.tool";
		};
		8CC483FD293E4FBD00003294 /* Day 06 */ = {
			isa = PBXNativeTarget;
			buildConfigurationList = 8CC48402293E4FBD00003294 /* Build configuration list for PBXNativeTarget "Day 06" */;
			buildPhases = (
				8CC483FA293E4FBD00003294 /* Sources */,
				8CC483FB293E4FBD00003294 /* Frameworks */,
				8CC483FC293E4FBD00003294 /* CopyFiles */,
			);
			buildRules = (
			);
			dependencies = (
			);
			name = "Day 06";
			productName = "Day 06";
			productReference = 8CC483FE293E4FBD00003294 /* Day 06 */;
			productType = "com.apple.product-type.tool";
		};
/* End PBXNativeTarget section */

/* Begin PBXProject section */
		8CC4837D2938584100003294 /* Project object */ = {
			isa = PBXProject;
			attributes = {
				BuildIndependentTargetsInParallel = 1;
				LastSwiftUpdateCheck = 1410;
				LastUpgradeCheck = 1410;
				TargetAttributes = {
					8C28AD662941953900E623E5 = {
						CreatedOnToolsVersion = 14.1;
					};
					8C28AD7B2942E25500E623E5 = {
						CreatedOnToolsVersion = 14.1;
					};
					8C28AD8E29438D4300E623E5 = {
						CreatedOnToolsVersion = 14.1;
					};
					8C28ADA12943ED0B00E623E5 = {
						CreatedOnToolsVersion = 14.1;
					};
					8C28ADC4294538A900E623E5 = {
						CreatedOnToolsVersion = 14.1;
					};
					8C28ADD8294665FA00E623E5 = {
						CreatedOnToolsVersion = 14.1;
					};
					8C28ADF32948B0B300E623E5 = {
						CreatedOnToolsVersion = 14.1;
					};
					8C28AE0729498F7300E623E5 = {
						CreatedOnToolsVersion = 14.1;
					};
					8C28AE23294AA29100E623E5 = {
						CreatedOnToolsVersion = 14.1;
					};
					8CA0153E293F0F4F0085A2E1 = {
						CreatedOnToolsVersion = 14.1;
					};
					8CC4839A29385C0C00003294 = {
						CreatedOnToolsVersion = 14.1;
					};
					8CC483A529385C7000003294 = {
						CreatedOnToolsVersion = 14.1;
					};
					8CC483C4293A664100003294 = {
						CreatedOnToolsVersion = 14.1;
					};
					8CC483D7293B22F200003294 = {
						CreatedOnToolsVersion = 14.1;
					};
					8CC483EA293E249B00003294 = {
						CreatedOnToolsVersion = 14.1;
					};
					8CC483FD293E4FBD00003294 = {
						CreatedOnToolsVersion = 14.1;
					};
				};
			};
			buildConfigurationList = 8CC483802938584100003294 /* Build configuration list for PBXProject "Advent of Code" */;
			compatibilityVersion = "Xcode 14.0";
			developmentRegion = en;
			hasScannedForEncodings = 0;
			knownRegions = (
				en,
				Base,
			);
			mainGroup = 8CC4837C2938584100003294;
			productRefGroup = 8CC483862938584100003294 /* Products */;
			projectDirPath = "";
			projectRoot = "";
			targets = (
				8C28ADA12943ED0B00E623E5 /* AdventUnitTests */,
				8CC483A529385C7000003294 /* Day 01 */,
				8CC4839A29385C0C00003294 /* Day 02 */,
				8CC483C4293A664100003294 /* Day 03 */,
				8CC483D7293B22F200003294 /* Day 04 */,
				8CC483EA293E249B00003294 /* Day 05 */,
				8CC483FD293E4FBD00003294 /* Day 06 */,
				8CA0153E293F0F4F0085A2E1 /* Day 07 */,
				8C28AD662941953900E623E5 /* Day 08 */,
				8C28AD7B2942E25500E623E5 /* Day 09 */,
				8C28AD8E29438D4300E623E5 /* Day 10 */,
				8C28ADC4294538A900E623E5 /* Day 11 */,
				8C28ADD8294665FA00E623E5 /* Day 12 */,
				8C28ADF32948B0B300E623E5 /* Day 13 */,
				8C28AE0729498F7300E623E5 /* Day 14 */,
				8C28AE23294AA29100E623E5 /* Day 15 */,
			);
		};
/* End PBXProject section */

/* Begin PBXResourcesBuildPhase section */
		8C28ADA02943ED0B00E623E5 /* Resources */ = {
			isa = PBXResourcesBuildPhase;
			buildActionMask = 2147483647;
			files = (
			);
			runOnlyForDeploymentPostprocessing = 0;
		};
/* End PBXResourcesBuildPhase section */

/* Begin PBXSourcesBuildPhase section */
		8C28AD632941953900E623E5 /* Sources */ = {
			isa = PBXSourcesBuildPhase;
			buildActionMask = 2147483647;
			files = (
				8C28AD742941956B00E623E5 /* FileInput.swift in Sources */,
				8C28AD732941956B00E623E5 /* String+Subscripts.swift in Sources */,
				8C28AD712941956B00E623E5 /* String+Advent.swift in Sources */,
				8C28AD722941956B00E623E5 /* Puzzle.swift in Sources */,
				8C28AD6A2941953900E623E5 /* main.swift in Sources */,
				8C28AD702941956300E623E5 /* Day08.swift in Sources */,
			);
			runOnlyForDeploymentPostprocessing = 0;
		};
		8C28AD782942E25500E623E5 /* Sources */ = {
			isa = PBXSourcesBuildPhase;
			buildActionMask = 2147483647;
			files = (
				8C28AD872942E31D00E623E5 /* FileInput.swift in Sources */,
				8C28AD882942E31D00E623E5 /* Puzzle.swift in Sources */,
				8C28AD7F2942E25500E623E5 /* main.swift in Sources */,
				8C28AD852942E2B200E623E5 /* Day09.swift in Sources */,
				8C28AD8A2942E31D00E623E5 /* String+Subscripts.swift in Sources */,
				8C28AD892942E31D00E623E5 /* String+Advent.swift in Sources */,
			);
			runOnlyForDeploymentPostprocessing = 0;
		};
		8C28AD8B29438D4300E623E5 /* Sources */ = {
			isa = PBXSourcesBuildPhase;
			buildActionMask = 2147483647;
			files = (
				8C28AD9929438D7300E623E5 /* String+Advent.swift in Sources */,
				8C28AD9A29438D7300E623E5 /* Puzzle.swift in Sources */,
				8C28AD9229438D4300E623E5 /* main.swift in Sources */,
				8C28AD9829438D6C00E623E5 /* Day10.swift in Sources */,
				8C28AD9C29438D7300E623E5 /* String+Subscripts.swift in Sources */,
				8C28AD9B29438D7300E623E5 /* FileInput.swift in Sources */,
			);
			runOnlyForDeploymentPostprocessing = 0;
		};
		8C28AD9E2943ED0B00E623E5 /* Sources */ = {
			isa = PBXSourcesBuildPhase;
			buildActionMask = 2147483647;
			files = (
				8C28ADE32946663900E623E5 /* Day12.swift in Sources */,
				8C28ADAD2943EDD700E623E5 /* String+Advent.swift in Sources */,
				8C28ADBD2943F12000E623E5 /* Day09.swift in Sources */,
				8C28ADEA294765CE00E623E5 /* TreeNode.swift in Sources */,
				8C28ADBC2943F12000E623E5 /* Day07.swift in Sources */,
				8C28ADC02943F12000E623E5 /* Day08.swift in Sources */,
				8C28ADAC2943EDD700E623E5 /* Puzzle.swift in Sources */,
				8C28ADBB2943F12000E623E5 /* Day06.swift in Sources */,
				8C28AE182949904D00E623E5 /* Day14.swift in Sources */,
				8C28AE35294CCE4500E623E5 /* Ranges.swift in Sources */,
				8C28ADAE2943EDD700E623E5 /* String+Subscripts.swift in Sources */,
				8C28AE33294AA34E00E623E5 /* Day15.swift in Sources */,
				8C28ADCF294538E000E623E5 /* Day11.swift in Sources */,
				8C28ADAB2943EDD700E623E5 /* GridLocation.swift in Sources */,
				8C28ADAA2943EDD700E623E5 /* FileInput.swift in Sources */,
				8C28ADBF2943F12000E623E5 /* Day04.swift in Sources */,
				8C28ADBE2943F12000E623E5 /* Day03.swift in Sources */,
				8C28ADFE2948B0DD00E623E5 /* Day13.swift in Sources */,
				8C28AE1E2949B44F00E623E5 /* Pathfinding.swift in Sources */,
				8C28ADB92943F12000E623E5 /* Day05.swift in Sources */,
				8C28ADB02943F04300E623E5 /* Day02.swift in Sources */,
				8C28AE1C2949A85B00E623E5 /* Queue.swift in Sources */,
				8C28ADBA2943F12000E623E5 /* Day10.swift in Sources */,
				8C28ADA52943ED0B00E623E5 /* AdventUnitTests.swift in Sources */,
				8C28ADA92943EDAE00E623E5 /* Day01.swift in Sources */,
				8C28ADB12943F04300E623E5 /* Day02Alternative.swift in Sources */,
			);
			runOnlyForDeploymentPostprocessing = 0;
		};
		8C28ADC1294538A900E623E5 /* Sources */ = {
			isa = PBXSourcesBuildPhase;
			buildActionMask = 2147483647;
			files = (
				8C28ADD3294538EE00E623E5 /* String+Advent.swift in Sources */,
				8C28ADD2294538EE00E623E5 /* Puzzle.swift in Sources */,
				8C28ADC8294538A900E623E5 /* main.swift in Sources */,
				8C28ADD0294538EE00E623E5 /* String+Subscripts.swift in Sources */,
				8C28ADD1294538EE00E623E5 /* FileInput.swift in Sources */,
				8C28ADCE294538D800E623E5 /* Day11.swift in Sources */,
			);
			runOnlyForDeploymentPostprocessing = 0;
		};
		8C28ADD5294665FA00E623E5 /* Sources */ = {
			isa = PBXSourcesBuildPhase;
			buildActionMask = 2147483647;
			files = (
				8C28ADEB294765CE00E623E5 /* TreeNode.swift in Sources */,
				8C28ADE72946665900E623E5 /* FileInput.swift in Sources */,
				8C28ADE62946665900E623E5 /* String+Subscripts.swift in Sources */,
				8C28ADE42946665900E623E5 /* Puzzle.swift in Sources */,
				8C28AE1F2949B44F00E623E5 /* Pathfinding.swift in Sources */,
				8C28ADEC294765E900E623E5 /* GridLocation.swift in Sources */,
				8C28AE1B2949A85800E623E5 /* Queue.swift in Sources */,
				8C28ADDC294665FA00E623E5 /* main.swift in Sources */,
				8C28ADE52946665900E623E5 /* String+Advent.swift in Sources */,
				8C28ADE22946662B00E623E5 /* Day12.swift in Sources */,
			);
			runOnlyForDeploymentPostprocessing = 0;
		};
		8C28ADF02948B0B300E623E5 /* Sources */ = {
			isa = PBXSourcesBuildPhase;
			buildActionMask = 2147483647;
			files = (
				8C28AE012948B0E600E623E5 /* String+Subscripts.swift in Sources */,
				8C28ADFF2948B0E600E623E5 /* FileInput.swift in Sources */,
				8C28ADF72948B0B300E623E5 /* main.swift in Sources */,
				8C28AE022948B0E600E623E5 /* Puzzle.swift in Sources */,
				8C28AE002948B0E600E623E5 /* String+Advent.swift in Sources */,
				8C28ADFD2948B0D800E623E5 /* Day13.swift in Sources */,
			);
			runOnlyForDeploymentPostprocessing = 0;
		};
		8C28AE0429498F7300E623E5 /* Sources */ = {
			isa = PBXSourcesBuildPhase;
			buildActionMask = 2147483647;
			files = (
				8C28AE142949900900E623E5 /* String+Advent.swift in Sources */,
				8C28AE152949900900E623E5 /* Puzzle.swift in Sources */,
				8C28AE0B29498F7300E623E5 /* main.swift in Sources */,
				8C28AE1129498F9900E623E5 /* Day14.swift in Sources */,
				8C28AE172949900900E623E5 /* String+Subscripts.swift in Sources */,
				8C28AE162949900900E623E5 /* FileInput.swift in Sources */,
			);
			runOnlyForDeploymentPostprocessing = 0;
		};
		8C28AE20294AA29100E623E5 /* Sources */ = {
			isa = PBXSourcesBuildPhase;
			buildActionMask = 2147483647;
			files = (
				8C28AE2F294AA2F000E623E5 /* FileInput.swift in Sources */,
				8C28AE30294AA2F000E623E5 /* Puzzle.swift in Sources */,
				8C28AE2D294AA2CC00E623E5 /* Day15.swift in Sources */,
				8C28AE27294AA29100E623E5 /* main.swift in Sources */,
				8C28AE32294AA2F000E623E5 /* String+Subscripts.swift in Sources */,
				8C28AE31294AA2F000E623E5 /* String+Advent.swift in Sources */,
				8C28AE36294CD59B00E623E5 /* Ranges.swift in Sources */,
			);
			runOnlyForDeploymentPostprocessing = 0;
		};
		8CA0153B293F0F4F0085A2E1 /* Sources */ = {
			isa = PBXSourcesBuildPhase;
			buildActionMask = 2147483647;
			files = (
				8CA0154C293F0F8D0085A2E1 /* String+Advent.swift in Sources */,
				8CA0154B293F0F8D0085A2E1 /* Puzzle.swift in Sources */,
				8CA01542293F0F4F0085A2E1 /* main.swift in Sources */,
				8CA01549293F0F8D0085A2E1 /* String+Subscripts.swift in Sources */,
				8CA0154A293F0F8D0085A2E1 /* FileInput.swift in Sources */,
				8CA01548293F0F860085A2E1 /* Day07.swift in Sources */,
			);
			runOnlyForDeploymentPostprocessing = 0;
		};
		8CC4839729385C0C00003294 /* Sources */ = {
			isa = PBXSourcesBuildPhase;
			buildActionMask = 2147483647;
			files = (
				8CC483B2293865F300003294 /* Puzzle.swift in Sources */,
				8CC483AF29385D0C00003294 /* FileInput.swift in Sources */,
				8CC4839E29385C0C00003294 /* main.swift in Sources */,
				8CC483B62938681200003294 /* Day02.swift in Sources */,
				8CC483BD29386EDE00003294 /* String+Subscripts.swift in Sources */,
				8CC483BB29386EDE00003294 /* String+Advent.swift in Sources */,
				8CC483C0293A640D00003294 /* Day02Alternative.swift in Sources */,
			);
			runOnlyForDeploymentPostprocessing = 0;
		};
		8CC483A229385C7000003294 /* Sources */ = {
			isa = PBXSourcesBuildPhase;
			buildActionMask = 2147483647;
			files = (
				8CC483AE29385D0C00003294 /* FileInput.swift in Sources */,
				8CC483B1293865F300003294 /* Puzzle.swift in Sources */,
				8CC483A929385C7000003294 /* main.swift in Sources */,
				8CC483AD29385CAB00003294 /* Day01.swift in Sources */,
				8CC483BC29386EDE00003294 /* String+Subscripts.swift in Sources */,
				8CC483BA29386EDE00003294 /* String+Advent.swift in Sources */,
			);
			runOnlyForDeploymentPostprocessing = 0;
		};
		8CC483C1293A664100003294 /* Sources */ = {
			isa = PBXSourcesBuildPhase;
			buildActionMask = 2147483647;
			files = (
				8CC483CF293A66A400003294 /* Puzzle.swift in Sources */,
				8CC483C8293A664100003294 /* main.swift in Sources */,
				8CC483D0293A66A400003294 /* String+Advent.swift in Sources */,
				8CC483CE293A667900003294 /* Day03.swift in Sources */,
				8CC483D2293A66A400003294 /* String+Subscripts.swift in Sources */,
				8CC483D1293A66A400003294 /* FileInput.swift in Sources */,
			);
			runOnlyForDeploymentPostprocessing = 0;
		};
		8CC483D4293B22F200003294 /* Sources */ = {
			isa = PBXSourcesBuildPhase;
			buildActionMask = 2147483647;
			files = (
				8CC483E6293B233800003294 /* String+Advent.swift in Sources */,
				8CC483E5293B233800003294 /* Puzzle.swift in Sources */,
				8CC483E3293B233800003294 /* FileInput.swift in Sources */,
				8CC483DB293B22F200003294 /* main.swift in Sources */,
				8CC483E4293B233800003294 /* String+Subscripts.swift in Sources */,
				8CC483E1293B231700003294 /* Day04.swift in Sources */,
			);
			runOnlyForDeploymentPostprocessing = 0;
		};
		8CC483E7293E249B00003294 /* Sources */ = {
			isa = PBXSourcesBuildPhase;
			buildActionMask = 2147483647;
			files = (
				8CC483F5293E24CE00003294 /* FileInput.swift in Sources */,
				8CC483F6293E24CE00003294 /* Puzzle.swift in Sources */,
				8CC483EE293E249B00003294 /* main.swift in Sources */,
				8CC483F4293E24C800003294 /* Day05.swift in Sources */,
				8CC483F8293E24CE00003294 /* String+Subscripts.swift in Sources */,
				8CC483F7293E24CE00003294 /* String+Advent.swift in Sources */,
			);
			runOnlyForDeploymentPostprocessing = 0;
		};
		8CC483FA293E4FBD00003294 /* Sources */ = {
			isa = PBXSourcesBuildPhase;
			buildActionMask = 2147483647;
			files = (
				8CC4840B293E583500003294 /* FileInput.swift in Sources */,
				8CC4840A293E583500003294 /* String+Subscripts.swift in Sources */,
				8CC48408293E583500003294 /* String+Advent.swift in Sources */,
				8CC48409293E583500003294 /* Puzzle.swift in Sources */,
				8CC48401293E4FBD00003294 /* main.swift in Sources */,
				8CC48407293E576A00003294 /* Day06.swift in Sources */,
			);
			runOnlyForDeploymentPostprocessing = 0;
		};
/* End PBXSourcesBuildPhase section */

/* Begin XCBuildConfiguration section */
		8C28AD6B2941953900E623E5 /* Debug */ = {
			isa = XCBuildConfiguration;
			buildSettings = {
				CODE_SIGN_STYLE = Automatic;
				MACOSX_DEPLOYMENT_TARGET = 13.0;
				PRODUCT_NAME = "$(TARGET_NAME)";
				SWIFT_VERSION = 5.0;
			};
			name = Debug;
		};
		8C28AD6C2941953900E623E5 /* Release */ = {
			isa = XCBuildConfiguration;
			buildSettings = {
				CODE_SIGN_STYLE = Automatic;
				MACOSX_DEPLOYMENT_TARGET = 13.0;
				PRODUCT_NAME = "$(TARGET_NAME)";
				SWIFT_VERSION = 5.0;
			};
			name = Release;
		};
		8C28AD812942E25500E623E5 /* Debug */ = {
			isa = XCBuildConfiguration;
			buildSettings = {
				CODE_SIGN_STYLE = Automatic;
				MACOSX_DEPLOYMENT_TARGET = 13.0;
				PRODUCT_NAME = "$(TARGET_NAME)";
				SWIFT_VERSION = 5.0;
			};
			name = Debug;
		};
		8C28AD822942E25500E623E5 /* Release */ = {
			isa = XCBuildConfiguration;
			buildSettings = {
				CODE_SIGN_STYLE = Automatic;
				MACOSX_DEPLOYMENT_TARGET = 13.0;
				PRODUCT_NAME = "$(TARGET_NAME)";
				SWIFT_VERSION = 5.0;
			};
			name = Release;
		};
		8C28AD9429438D4300E623E5 /* Debug */ = {
			isa = XCBuildConfiguration;
			buildSettings = {
				CODE_SIGN_STYLE = Automatic;
				MACOSX_DEPLOYMENT_TARGET = 13.0;
				PRODUCT_NAME = "$(TARGET_NAME)";
				SWIFT_VERSION = 5.0;
			};
			name = Debug;
		};
		8C28AD9529438D4300E623E5 /* Release */ = {
			isa = XCBuildConfiguration;
			buildSettings = {
				CODE_SIGN_STYLE = Automatic;
				MACOSX_DEPLOYMENT_TARGET = 13.0;
				PRODUCT_NAME = "$(TARGET_NAME)";
				SWIFT_VERSION = 5.0;
			};
			name = Release;
		};
		8C28ADA72943ED0B00E623E5 /* Debug */ = {
			isa = XCBuildConfiguration;
			buildSettings = {
				CODE_SIGN_STYLE = Automatic;
				CURRENT_PROJECT_VERSION = 1;
				GENERATE_INFOPLIST_FILE = YES;
				IPHONEOS_DEPLOYMENT_TARGET = 16.1;
				MACOSX_DEPLOYMENT_TARGET = 13.0;
				MARKETING_VERSION = 1.0;
				PRODUCT_BUNDLE_IDENTIFIER = com.crumpf.AdventUnitTests;
				PRODUCT_NAME = "$(TARGET_NAME)";
				SDKROOT = auto;
				SUPPORTED_PLATFORMS = "iphoneos iphonesimulator macosx";
				SWIFT_EMIT_LOC_STRINGS = NO;
				SWIFT_VERSION = 5.0;
				TARGETED_DEVICE_FAMILY = "1,2";
			};
			name = Debug;
		};
		8C28ADA82943ED0B00E623E5 /* Release */ = {
			isa = XCBuildConfiguration;
			buildSettings = {
				CODE_SIGN_STYLE = Automatic;
				CURRENT_PROJECT_VERSION = 1;
				GENERATE_INFOPLIST_FILE = YES;
				IPHONEOS_DEPLOYMENT_TARGET = 16.1;
				MACOSX_DEPLOYMENT_TARGET = 13.0;
				MARKETING_VERSION = 1.0;
				PRODUCT_BUNDLE_IDENTIFIER = com.crumpf.AdventUnitTests;
				PRODUCT_NAME = "$(TARGET_NAME)";
				SDKROOT = auto;
				SUPPORTED_PLATFORMS = "iphoneos iphonesimulator macosx";
				SWIFT_EMIT_LOC_STRINGS = NO;
				SWIFT_VERSION = 5.0;
				TARGETED_DEVICE_FAMILY = "1,2";
			};
			name = Release;
		};
		8C28ADCA294538A900E623E5 /* Debug */ = {
			isa = XCBuildConfiguration;
			buildSettings = {
				CODE_SIGN_STYLE = Automatic;
				MACOSX_DEPLOYMENT_TARGET = 13.0;
				PRODUCT_NAME = "$(TARGET_NAME)";
				SWIFT_VERSION = 5.0;
			};
			name = Debug;
		};
		8C28ADCB294538A900E623E5 /* Release */ = {
			isa = XCBuildConfiguration;
			buildSettings = {
				CODE_SIGN_STYLE = Automatic;
				MACOSX_DEPLOYMENT_TARGET = 13.0;
				PRODUCT_NAME = "$(TARGET_NAME)";
				SWIFT_VERSION = 5.0;
			};
			name = Release;
		};
		8C28ADDE294665FA00E623E5 /* Debug */ = {
			isa = XCBuildConfiguration;
			buildSettings = {
				CODE_SIGN_STYLE = Automatic;
				MACOSX_DEPLOYMENT_TARGET = 13.0;
				PRODUCT_NAME = "$(TARGET_NAME)";
				SWIFT_VERSION = 5.0;
			};
			name = Debug;
		};
		8C28ADDF294665FA00E623E5 /* Release */ = {
			isa = XCBuildConfiguration;
			buildSettings = {
				CODE_SIGN_STYLE = Automatic;
				MACOSX_DEPLOYMENT_TARGET = 13.0;
				PRODUCT_NAME = "$(TARGET_NAME)";
				SWIFT_VERSION = 5.0;
			};
			name = Release;
		};
		8C28ADF92948B0B300E623E5 /* Debug */ = {
			isa = XCBuildConfiguration;
			buildSettings = {
				CODE_SIGN_STYLE = Automatic;
				MACOSX_DEPLOYMENT_TARGET = 13.0;
				PRODUCT_NAME = "$(TARGET_NAME)";
				SWIFT_VERSION = 5.0;
			};
			name = Debug;
		};
		8C28ADFA2948B0B300E623E5 /* Release */ = {
			isa = XCBuildConfiguration;
			buildSettings = {
				CODE_SIGN_STYLE = Automatic;
				MACOSX_DEPLOYMENT_TARGET = 13.0;
				PRODUCT_NAME = "$(TARGET_NAME)";
				SWIFT_VERSION = 5.0;
			};
			name = Release;
		};
		8C28AE0D29498F7300E623E5 /* Debug */ = {
			isa = XCBuildConfiguration;
			buildSettings = {
				CODE_SIGN_STYLE = Automatic;
				MACOSX_DEPLOYMENT_TARGET = 13.0;
				PRODUCT_NAME = "$(TARGET_NAME)";
				SWIFT_VERSION = 5.0;
			};
			name = Debug;
		};
		8C28AE0E29498F7300E623E5 /* Release */ = {
			isa = XCBuildConfiguration;
			buildSettings = {
				CODE_SIGN_STYLE = Automatic;
				MACOSX_DEPLOYMENT_TARGET = 13.0;
				PRODUCT_NAME = "$(TARGET_NAME)";
				SWIFT_VERSION = 5.0;
			};
			name = Release;
		};
		8C28AE29294AA29100E623E5 /* Debug */ = {
			isa = XCBuildConfiguration;
			buildSettings = {
				CODE_SIGN_STYLE = Automatic;
				MACOSX_DEPLOYMENT_TARGET = 13.0;
				PRODUCT_NAME = "$(TARGET_NAME)";
				SWIFT_VERSION = 5.0;
			};
			name = Debug;
		};
		8C28AE2A294AA29100E623E5 /* Release */ = {
			isa = XCBuildConfiguration;
			buildSettings = {
				CODE_SIGN_STYLE = Automatic;
				MACOSX_DEPLOYMENT_TARGET = 13.0;
				PRODUCT_NAME = "$(TARGET_NAME)";
				SWIFT_VERSION = 5.0;
			};
			name = Release;
		};
		8CA01544293F0F4F0085A2E1 /* Debug */ = {
			isa = XCBuildConfiguration;
			buildSettings = {
				CODE_SIGN_STYLE = Automatic;
				MACOSX_DEPLOYMENT_TARGET = 13.0;
				PRODUCT_NAME = "$(TARGET_NAME)";
				SWIFT_VERSION = 5.0;
			};
			name = Debug;
		};
		8CA01545293F0F4F0085A2E1 /* Release */ = {
			isa = XCBuildConfiguration;
			buildSettings = {
				CODE_SIGN_STYLE = Automatic;
				MACOSX_DEPLOYMENT_TARGET = 13.0;
				PRODUCT_NAME = "$(TARGET_NAME)";
				SWIFT_VERSION = 5.0;
			};
			name = Release;
		};
		8CC4838A2938584100003294 /* Debug */ = {
			isa = XCBuildConfiguration;
			buildSettings = {
				ALWAYS_SEARCH_USER_PATHS = NO;
				CLANG_ANALYZER_NONNULL = YES;
				CLANG_ANALYZER_NUMBER_OBJECT_CONVERSION = YES_AGGRESSIVE;
				CLANG_CXX_LANGUAGE_STANDARD = "gnu++20";
				CLANG_ENABLE_MODULES = YES;
				CLANG_ENABLE_OBJC_ARC = YES;
				CLANG_ENABLE_OBJC_WEAK = YES;
				CLANG_WARN_BLOCK_CAPTURE_AUTORELEASING = YES;
				CLANG_WARN_BOOL_CONVERSION = YES;
				CLANG_WARN_COMMA = YES;
				CLANG_WARN_CONSTANT_CONVERSION = YES;
				CLANG_WARN_DEPRECATED_OBJC_IMPLEMENTATIONS = YES;
				CLANG_WARN_DIRECT_OBJC_ISA_USAGE = YES_ERROR;
				CLANG_WARN_DOCUMENTATION_COMMENTS = YES;
				CLANG_WARN_EMPTY_BODY = YES;
				CLANG_WARN_ENUM_CONVERSION = YES;
				CLANG_WARN_INFINITE_RECURSION = YES;
				CLANG_WARN_INT_CONVERSION = YES;
				CLANG_WARN_NON_LITERAL_NULL_CONVERSION = YES;
				CLANG_WARN_OBJC_IMPLICIT_RETAIN_SELF = YES;
				CLANG_WARN_OBJC_LITERAL_CONVERSION = YES;
				CLANG_WARN_OBJC_ROOT_CLASS = YES_ERROR;
				CLANG_WARN_QUOTED_INCLUDE_IN_FRAMEWORK_HEADER = YES;
				CLANG_WARN_RANGE_LOOP_ANALYSIS = YES;
				CLANG_WARN_STRICT_PROTOTYPES = YES;
				CLANG_WARN_SUSPICIOUS_MOVE = YES;
				CLANG_WARN_UNGUARDED_AVAILABILITY = YES_AGGRESSIVE;
				CLANG_WARN_UNREACHABLE_CODE = YES;
				CLANG_WARN__DUPLICATE_METHOD_MATCH = YES;
				COPY_PHASE_STRIP = NO;
				DEBUG_INFORMATION_FORMAT = dwarf;
				ENABLE_STRICT_OBJC_MSGSEND = YES;
				ENABLE_TESTABILITY = YES;
				GCC_C_LANGUAGE_STANDARD = gnu11;
				GCC_DYNAMIC_NO_PIC = NO;
				GCC_NO_COMMON_BLOCKS = YES;
				GCC_OPTIMIZATION_LEVEL = 0;
				GCC_PREPROCESSOR_DEFINITIONS = (
					"DEBUG=1",
					"$(inherited)",
				);
				GCC_WARN_64_TO_32_BIT_CONVERSION = YES;
				GCC_WARN_ABOUT_RETURN_TYPE = YES_ERROR;
				GCC_WARN_UNDECLARED_SELECTOR = YES;
				GCC_WARN_UNINITIALIZED_AUTOS = YES_AGGRESSIVE;
				GCC_WARN_UNUSED_FUNCTION = YES;
				GCC_WARN_UNUSED_VARIABLE = YES;
				MACOSX_DEPLOYMENT_TARGET = 12.6;
				MTL_ENABLE_DEBUG_INFO = INCLUDE_SOURCE;
				MTL_FAST_MATH = YES;
				ONLY_ACTIVE_ARCH = YES;
				SDKROOT = macosx;
				SWIFT_ACTIVE_COMPILATION_CONDITIONS = DEBUG;
				SWIFT_OPTIMIZATION_LEVEL = "-Onone";
			};
			name = Debug;
		};
		8CC4838B2938584100003294 /* Release */ = {
			isa = XCBuildConfiguration;
			buildSettings = {
				ALWAYS_SEARCH_USER_PATHS = NO;
				CLANG_ANALYZER_NONNULL = YES;
				CLANG_ANALYZER_NUMBER_OBJECT_CONVERSION = YES_AGGRESSIVE;
				CLANG_CXX_LANGUAGE_STANDARD = "gnu++20";
				CLANG_ENABLE_MODULES = YES;
				CLANG_ENABLE_OBJC_ARC = YES;
				CLANG_ENABLE_OBJC_WEAK = YES;
				CLANG_WARN_BLOCK_CAPTURE_AUTORELEASING = YES;
				CLANG_WARN_BOOL_CONVERSION = YES;
				CLANG_WARN_COMMA = YES;
				CLANG_WARN_CONSTANT_CONVERSION = YES;
				CLANG_WARN_DEPRECATED_OBJC_IMPLEMENTATIONS = YES;
				CLANG_WARN_DIRECT_OBJC_ISA_USAGE = YES_ERROR;
				CLANG_WARN_DOCUMENTATION_COMMENTS = YES;
				CLANG_WARN_EMPTY_BODY = YES;
				CLANG_WARN_ENUM_CONVERSION = YES;
				CLANG_WARN_INFINITE_RECURSION = YES;
				CLANG_WARN_INT_CONVERSION = YES;
				CLANG_WARN_NON_LITERAL_NULL_CONVERSION = YES;
				CLANG_WARN_OBJC_IMPLICIT_RETAIN_SELF = YES;
				CLANG_WARN_OBJC_LITERAL_CONVERSION = YES;
				CLANG_WARN_OBJC_ROOT_CLASS = YES_ERROR;
				CLANG_WARN_QUOTED_INCLUDE_IN_FRAMEWORK_HEADER = YES;
				CLANG_WARN_RANGE_LOOP_ANALYSIS = YES;
				CLANG_WARN_STRICT_PROTOTYPES = YES;
				CLANG_WARN_SUSPICIOUS_MOVE = YES;
				CLANG_WARN_UNGUARDED_AVAILABILITY = YES_AGGRESSIVE;
				CLANG_WARN_UNREACHABLE_CODE = YES;
				CLANG_WARN__DUPLICATE_METHOD_MATCH = YES;
				COPY_PHASE_STRIP = NO;
				DEBUG_INFORMATION_FORMAT = "dwarf-with-dsym";
				ENABLE_NS_ASSERTIONS = NO;
				ENABLE_STRICT_OBJC_MSGSEND = YES;
				GCC_C_LANGUAGE_STANDARD = gnu11;
				GCC_NO_COMMON_BLOCKS = YES;
				GCC_WARN_64_TO_32_BIT_CONVERSION = YES;
				GCC_WARN_ABOUT_RETURN_TYPE = YES_ERROR;
				GCC_WARN_UNDECLARED_SELECTOR = YES;
				GCC_WARN_UNINITIALIZED_AUTOS = YES_AGGRESSIVE;
				GCC_WARN_UNUSED_FUNCTION = YES;
				GCC_WARN_UNUSED_VARIABLE = YES;
				MACOSX_DEPLOYMENT_TARGET = 12.6;
				MTL_ENABLE_DEBUG_INFO = NO;
				MTL_FAST_MATH = YES;
				SDKROOT = macosx;
				SWIFT_COMPILATION_MODE = wholemodule;
				SWIFT_OPTIMIZATION_LEVEL = "-O";
			};
			name = Release;
		};
		8CC483A029385C0C00003294 /* Debug */ = {
			isa = XCBuildConfiguration;
			buildSettings = {
				CODE_SIGN_STYLE = Automatic;
				PRODUCT_NAME = "$(TARGET_NAME)";
				SWIFT_VERSION = 5.0;
			};
			name = Debug;
		};
		8CC483A129385C0C00003294 /* Release */ = {
			isa = XCBuildConfiguration;
			buildSettings = {
				CODE_SIGN_STYLE = Automatic;
				PRODUCT_NAME = "$(TARGET_NAME)";
				SWIFT_VERSION = 5.0;
			};
			name = Release;
		};
		8CC483AB29385C7000003294 /* Debug */ = {
			isa = XCBuildConfiguration;
			buildSettings = {
				CODE_SIGN_STYLE = Automatic;
				PRODUCT_NAME = "$(TARGET_NAME)";
				SWIFT_VERSION = 5.0;
			};
			name = Debug;
		};
		8CC483AC29385C7000003294 /* Release */ = {
			isa = XCBuildConfiguration;
			buildSettings = {
				CODE_SIGN_STYLE = Automatic;
				PRODUCT_NAME = "$(TARGET_NAME)";
				SWIFT_VERSION = 5.0;
			};
			name = Release;
		};
		8CC483CA293A664100003294 /* Debug */ = {
			isa = XCBuildConfiguration;
			buildSettings = {
				CODE_SIGN_STYLE = Automatic;
				PRODUCT_NAME = "$(TARGET_NAME)";
				SWIFT_VERSION = 5.0;
			};
			name = Debug;
		};
		8CC483CB293A664100003294 /* Release */ = {
			isa = XCBuildConfiguration;
			buildSettings = {
				CODE_SIGN_STYLE = Automatic;
				PRODUCT_NAME = "$(TARGET_NAME)";
				SWIFT_VERSION = 5.0;
			};
			name = Release;
		};
		8CC483DD293B22F200003294 /* Debug */ = {
			isa = XCBuildConfiguration;
			buildSettings = {
				CODE_SIGN_STYLE = Automatic;
				PRODUCT_NAME = "$(TARGET_NAME)";
				SWIFT_VERSION = 5.0;
			};
			name = Debug;
		};
		8CC483DE293B22F200003294 /* Release */ = {
			isa = XCBuildConfiguration;
			buildSettings = {
				CODE_SIGN_STYLE = Automatic;
				PRODUCT_NAME = "$(TARGET_NAME)";
				SWIFT_VERSION = 5.0;
			};
			name = Release;
		};
		8CC483F0293E249B00003294 /* Debug */ = {
			isa = XCBuildConfiguration;
			buildSettings = {
				CODE_SIGN_STYLE = Automatic;
				PRODUCT_NAME = "$(TARGET_NAME)";
				SWIFT_VERSION = 5.0;
			};
			name = Debug;
		};
		8CC483F1293E249B00003294 /* Release */ = {
			isa = XCBuildConfiguration;
			buildSettings = {
				CODE_SIGN_STYLE = Automatic;
				PRODUCT_NAME = "$(TARGET_NAME)";
				SWIFT_VERSION = 5.0;
			};
			name = Release;
		};
		8CC48403293E4FBD00003294 /* Debug */ = {
			isa = XCBuildConfiguration;
			buildSettings = {
				CODE_SIGN_STYLE = Automatic;
				PRODUCT_NAME = "$(TARGET_NAME)";
				SWIFT_VERSION = 5.0;
			};
			name = Debug;
		};
		8CC48404293E4FBD00003294 /* Release */ = {
			isa = XCBuildConfiguration;
			buildSettings = {
				CODE_SIGN_STYLE = Automatic;
				PRODUCT_NAME = "$(TARGET_NAME)";
				SWIFT_VERSION = 5.0;
			};
			name = Release;
		};
/* End XCBuildConfiguration section */

/* Begin XCConfigurationList section */
		8C28AD6D2941953900E623E5 /* Build configuration list for PBXNativeTarget "Day 08" */ = {
			isa = XCConfigurationList;
			buildConfigurations = (
				8C28AD6B2941953900E623E5 /* Debug */,
				8C28AD6C2941953900E623E5 /* Release */,
			);
			defaultConfigurationIsVisible = 0;
			defaultConfigurationName = Release;
		};
		8C28AD802942E25500E623E5 /* Build configuration list for PBXNativeTarget "Day 09" */ = {
			isa = XCConfigurationList;
			buildConfigurations = (
				8C28AD812942E25500E623E5 /* Debug */,
				8C28AD822942E25500E623E5 /* Release */,
			);
			defaultConfigurationIsVisible = 0;
			defaultConfigurationName = Release;
		};
		8C28AD9329438D4300E623E5 /* Build configuration list for PBXNativeTarget "Day 10" */ = {
			isa = XCConfigurationList;
			buildConfigurations = (
				8C28AD9429438D4300E623E5 /* Debug */,
				8C28AD9529438D4300E623E5 /* Release */,
			);
			defaultConfigurationIsVisible = 0;
			defaultConfigurationName = Release;
		};
		8C28ADA62943ED0B00E623E5 /* Build configuration list for PBXNativeTarget "AdventUnitTests" */ = {
			isa = XCConfigurationList;
			buildConfigurations = (
				8C28ADA72943ED0B00E623E5 /* Debug */,
				8C28ADA82943ED0B00E623E5 /* Release */,
			);
			defaultConfigurationIsVisible = 0;
			defaultConfigurationName = Release;
		};
		8C28ADC9294538A900E623E5 /* Build configuration list for PBXNativeTarget "Day 11" */ = {
			isa = XCConfigurationList;
			buildConfigurations = (
				8C28ADCA294538A900E623E5 /* Debug */,
				8C28ADCB294538A900E623E5 /* Release */,
			);
			defaultConfigurationIsVisible = 0;
			defaultConfigurationName = Release;
		};
		8C28ADDD294665FA00E623E5 /* Build configuration list for PBXNativeTarget "Day 12" */ = {
			isa = XCConfigurationList;
			buildConfigurations = (
				8C28ADDE294665FA00E623E5 /* Debug */,
				8C28ADDF294665FA00E623E5 /* Release */,
			);
			defaultConfigurationIsVisible = 0;
			defaultConfigurationName = Release;
		};
		8C28ADF82948B0B300E623E5 /* Build configuration list for PBXNativeTarget "Day 13" */ = {
			isa = XCConfigurationList;
			buildConfigurations = (
				8C28ADF92948B0B300E623E5 /* Debug */,
				8C28ADFA2948B0B300E623E5 /* Release */,
			);
			defaultConfigurationIsVisible = 0;
			defaultConfigurationName = Release;
		};
		8C28AE0C29498F7300E623E5 /* Build configuration list for PBXNativeTarget "Day 14" */ = {
			isa = XCConfigurationList;
			buildConfigurations = (
				8C28AE0D29498F7300E623E5 /* Debug */,
				8C28AE0E29498F7300E623E5 /* Release */,
			);
			defaultConfigurationIsVisible = 0;
			defaultConfigurationName = Release;
		};
		8C28AE28294AA29100E623E5 /* Build configuration list for PBXNativeTarget "Day 15" */ = {
			isa = XCConfigurationList;
			buildConfigurations = (
				8C28AE29294AA29100E623E5 /* Debug */,
				8C28AE2A294AA29100E623E5 /* Release */,
			);
			defaultConfigurationIsVisible = 0;
			defaultConfigurationName = Release;
		};
		8CA01543293F0F4F0085A2E1 /* Build configuration list for PBXNativeTarget "Day 07" */ = {
			isa = XCConfigurationList;
			buildConfigurations = (
				8CA01544293F0F4F0085A2E1 /* Debug */,
				8CA01545293F0F4F0085A2E1 /* Release */,
			);
			defaultConfigurationIsVisible = 0;
			defaultConfigurationName = Release;
		};
		8CC483802938584100003294 /* Build configuration list for PBXProject "Advent of Code" */ = {
			isa = XCConfigurationList;
			buildConfigurations = (
				8CC4838A2938584100003294 /* Debug */,
				8CC4838B2938584100003294 /* Release */,
			);
			defaultConfigurationIsVisible = 0;
			defaultConfigurationName = Release;
		};
		8CC4839F29385C0C00003294 /* Build configuration list for PBXNativeTarget "Day 02" */ = {
			isa = XCConfigurationList;
			buildConfigurations = (
				8CC483A029385C0C00003294 /* Debug */,
				8CC483A129385C0C00003294 /* Release */,
			);
			defaultConfigurationIsVisible = 0;
			defaultConfigurationName = Release;
		};
		8CC483AA29385C7000003294 /* Build configuration list for PBXNativeTarget "Day 01" */ = {
			isa = XCConfigurationList;
			buildConfigurations = (
				8CC483AB29385C7000003294 /* Debug */,
				8CC483AC29385C7000003294 /* Release */,
			);
			defaultConfigurationIsVisible = 0;
			defaultConfigurationName = Release;
		};
		8CC483C9293A664100003294 /* Build configuration list for PBXNativeTarget "Day 03" */ = {
			isa = XCConfigurationList;
			buildConfigurations = (
				8CC483CA293A664100003294 /* Debug */,
				8CC483CB293A664100003294 /* Release */,
			);
			defaultConfigurationIsVisible = 0;
			defaultConfigurationName = Release;
		};
		8CC483DC293B22F200003294 /* Build configuration list for PBXNativeTarget "Day 04" */ = {
			isa = XCConfigurationList;
			buildConfigurations = (
				8CC483DD293B22F200003294 /* Debug */,
				8CC483DE293B22F200003294 /* Release */,
			);
			defaultConfigurationIsVisible = 0;
			defaultConfigurationName = Release;
		};
		8CC483EF293E249B00003294 /* Build configuration list for PBXNativeTarget "Day 05" */ = {
			isa = XCConfigurationList;
			buildConfigurations = (
				8CC483F0293E249B00003294 /* Debug */,
				8CC483F1293E249B00003294 /* Release */,
			);
			defaultConfigurationIsVisible = 0;
			defaultConfigurationName = Release;
		};
		8CC48402293E4FBD00003294 /* Build configuration list for PBXNativeTarget "Day 06" */ = {
			isa = XCConfigurationList;
			buildConfigurations = (
				8CC48403293E4FBD00003294 /* Debug */,
				8CC48404293E4FBD00003294 /* Release */,
			);
			defaultConfigurationIsVisible = 0;
			defaultConfigurationName = Release;
		};
/* End XCConfigurationList section */
	};
	rootObject = 8CC4837D2938584100003294 /* Project object */;
}
